// !$*UTF8*$!
{
	archiveVersion = 1;
	classes = {
	};
	objectVersion = 48;
	objects = {

/* Begin PBXBuildFile section */
		201435D920C2FE24002D1C04 /* SettingsScene.swift in Sources */ = {isa = PBXBuildFile; fileRef = 201435D820C2FE24002D1C04 /* SettingsScene.swift */; };
		201FB1B220288C2B00EC9F36 /* AppDelegate.swift in Sources */ = {isa = PBXBuildFile; fileRef = 201FB1B120288C2B00EC9F36 /* AppDelegate.swift */; };
		201FB1BD20288C2B00EC9F36 /* Main.storyboard in Resources */ = {isa = PBXBuildFile; fileRef = 201FB1BB20288C2B00EC9F36 /* Main.storyboard */; };
		201FB1BF20288C2B00EC9F36 /* Assets.xcassets in Resources */ = {isa = PBXBuildFile; fileRef = 201FB1BE20288C2B00EC9F36 /* Assets.xcassets */; };
		201FB1C220288C2B00EC9F36 /* LaunchScreen.storyboard in Resources */ = {isa = PBXBuildFile; fileRef = 201FB1C020288C2B00EC9F36 /* LaunchScreen.storyboard */; };
		201FB1D520288CEA00EC9F36 /* MyGlobals.swift in Sources */ = {isa = PBXBuildFile; fileRef = 201FB1C920288CE900EC9F36 /* MyGlobals.swift */; };
		201FB1D620288CEA00EC9F36 /* MainViewController.swift in Sources */ = {isa = PBXBuildFile; fileRef = 201FB1CA20288CE900EC9F36 /* MainViewController.swift */; };
		201FB1D720288CEA00EC9F36 /* ru.swift in Sources */ = {isa = PBXBuildFile; fileRef = 201FB1CB20288CEA00EC9F36 /* ru.swift */; };
		201FB1D820288CEA00EC9F36 /* MyFunctions.swift in Sources */ = {isa = PBXBuildFile; fileRef = 201FB1CC20288CEA00EC9F36 /* MyFunctions.swift */; };
		201FB1D920288CEA00EC9F36 /* WordListModel.swift in Sources */ = {isa = PBXBuildFile; fileRef = 201FB1CD20288CEA00EC9F36 /* WordListModel.swift */; };
		201FB1DA20288CEA00EC9F36 /* hu.swift in Sources */ = {isa = PBXBuildFile; fileRef = 201FB1CE20288CEA00EC9F36 /* hu.swift */; };
		201FB1DB20288CEA00EC9F36 /* Extensions.swift in Sources */ = {isa = PBXBuildFile; fileRef = 201FB1CF20288CEA00EC9F36 /* Extensions.swift */; };
		201FB1DD20288CEA00EC9F36 /* MenuScene.swift in Sources */ = {isa = PBXBuildFile; fileRef = 201FB1D120288CEA00EC9F36 /* MenuScene.swift */; };
		201FB1DE20288CEA00EC9F36 /* en.swift in Sources */ = {isa = PBXBuildFile; fileRef = 201FB1D220288CEA00EC9F36 /* en.swift */; };
		201FB1DF20288CEA00EC9F36 /* de.swift in Sources */ = {isa = PBXBuildFile; fileRef = 201FB1D320288CEA00EC9F36 /* de.swift */; };
		201FB1E020288CEA00EC9F36 /* Language.swift in Sources */ = {isa = PBXBuildFile; fileRef = 201FB1D420288CEA00EC9F36 /* Language.swift */; };
		202EF6C621CA9DAD000E4DA4 /* online.png in Resources */ = {isa = PBXBuildFile; fileRef = 202EF6C521CA9DAD000E4DA4 /* online.png */; };
		202EF6C821CAA21A000E4DA4 /* offline.png in Resources */ = {isa = PBXBuildFile; fileRef = 202EF6C721CAA21A000E4DA4 /* offline.png */; };
		20395F5D21A2FE4E00947D7F /* retype.png in Resources */ = {isa = PBXBuildFile; fileRef = 20395F5C21A2FE4E00947D7F /* retype.png */; };
		20395F5F21A31D4300947D7F /* search.png in Resources */ = {isa = PBXBuildFile; fileRef = 20395F5E21A31D4300947D7F /* search.png */; };
		20437F9A217B793100F16F99 /* Reachability.framework in Frameworks */ = {isa = PBXBuildFile; fileRef = 20437F99217B793100F16F99 /* Reachability.framework */; };
		20439FEF20BC40DB00D44286 /* Versions.txt in Resources */ = {isa = PBXBuildFile; fileRef = 20439FEE20BC40DB00D44286 /* Versions.txt */; };
		20469BD021A43F4E00743EB1 /* sortdown.png in Resources */ = {isa = PBXBuildFile; fileRef = 20469BCE21A43F4E00743EB1 /* sortdown.png */; };
		20469BD121A43F4E00743EB1 /* sortup.png in Resources */ = {isa = PBXBuildFile; fileRef = 20469BCF21A43F4E00743EB1 /* sortup.png */; };
		20491F4921CFC88B0060C675 /* CommonString.swift in Sources */ = {isa = PBXBuildFile; fileRef = 20491F4821CFC88B0060C675 /* CommonString.swift */; };
		20491F4B21CFCA3B0060C675 /* CollectMandatoryWordsViewController.swift in Sources */ = {isa = PBXBuildFile; fileRef = 20491F4A21CFCA3B0060C675 /* CollectMandatoryWordsViewController.swift */; };
		20491F4D21CFCEB20060C675 /* ruMandatory.txt in Resources */ = {isa = PBXBuildFile; fileRef = 20491F4C21CFCEB20060C675 /* ruMandatory.txt */; };
		2049314A21E6494D00BE66EA /* deMandatory.txt in Resources */ = {isa = PBXBuildFile; fileRef = 2049314921E6494D00BE66EA /* deMandatory.txt */; };
		2049314C21E6496100BE66EA /* enMandatory.txt in Resources */ = {isa = PBXBuildFile; fileRef = 2049314B21E6496100BE66EA /* enMandatory.txt */; };
		204A8AD82029DDFF00E9C11F /* huWords.txt in Resources */ = {isa = PBXBuildFile; fileRef = 204A8AD72029DDFF00E9C11F /* huWords.txt */; };
		204A8ADA2029EE6000E9C11F /* WTScene.swift in Sources */ = {isa = PBXBuildFile; fileRef = 204A8AD92029EE6000E9C11F /* WTScene.swift */; };
		204AEB39205D1F47004D2ECD /* WTGameFinished.swift in Sources */ = {isa = PBXBuildFile; fileRef = 204AEB38205D1F47004D2ECD /* WTGameFinished.swift */; };
		204B6FD021CD3ADD00893D58 /* players.png in Resources */ = {isa = PBXBuildFile; fileRef = 204B6FCF21CD3ADD00893D58 /* players.png */; };
		204B6FD321CD418D00893D58 /* firstplaces.png in Resources */ = {isa = PBXBuildFile; fileRef = 204B6FD121CD418D00893D58 /* firstplaces.png */; };
		204B6FD421CD418D00893D58 /* bestScores.png in Resources */ = {isa = PBXBuildFile; fileRef = 204B6FD221CD418D00893D58 /* bestScores.png */; };
		204BB45D2063E9E000CDF085 /* undo.png in Resources */ = {isa = PBXBuildFile; fileRef = 204BB45C2063E9E000CDF085 /* undo.png */; };
		205184F5206150AC00E7FAF4 /* ruGameData.txt in Resources */ = {isa = PBXBuildFile; fileRef = 205184F4206150AC00E7FAF4 /* ruGameData.txt */; };
		205184F72061525C00E7FAF4 /* huGameData.txt in Resources */ = {isa = PBXBuildFile; fileRef = 205184F62061525C00E7FAF4 /* huGameData.txt */; };
		205184F920615B3100E7FAF4 /* deGameData.txt in Resources */ = {isa = PBXBuildFile; fileRef = 205184F820615B3100E7FAF4 /* deGameData.txt */; };
		205184FB20615B5C00E7FAF4 /* enGameData.txt in Resources */ = {isa = PBXBuildFile; fileRef = 205184FA20615B5C00E7FAF4 /* enGameData.txt */; };
		2051A54E2191E376001AD00B /* hook.png in Resources */ = {isa = PBXBuildFile; fileRef = 2051A54D2191E376001AD00B /* hook.png */; };
		205234E32187902900B9935F /* deWords.txt in Resources */ = {isa = PBXBuildFile; fileRef = 205234E22187902900B9935F /* deWords.txt */; };
		205234E5218796C200B9935F /* WordList.realm in Resources */ = {isa = PBXBuildFile; fileRef = 205234E4218796C100B9935F /* WordList.realm */; };
		20531C6820B6EA5400E060E2 /* ShowGamesScene.swift in Sources */ = {isa = PBXBuildFile; fileRef = 20531C6720B6EA5400E060E2 /* ShowGamesScene.swift */; };
		20552DBD211F1EFA00C54538 /* whiteSprite1001.png in Resources */ = {isa = PBXBuildFile; fileRef = 20552DAD211F1EF800C54538 /* whiteSprite1001.png */; };
		20552DBE211F1EFA00C54538 /* whiteSprite0110.png in Resources */ = {isa = PBXBuildFile; fileRef = 20552DAE211F1EF800C54538 /* whiteSprite0110.png */; };
		20552DBF211F1EFA00C54538 /* whiteSprite1010.png in Resources */ = {isa = PBXBuildFile; fileRef = 20552DAF211F1EF800C54538 /* whiteSprite1010.png */; };
		20552DC0211F1EFA00C54538 /* whiteSprite0101.png in Resources */ = {isa = PBXBuildFile; fileRef = 20552DB0211F1EF900C54538 /* whiteSprite0101.png */; };
		20552DC1211F1EFA00C54538 /* whiteSprite1000.png in Resources */ = {isa = PBXBuildFile; fileRef = 20552DB1211F1EF900C54538 /* whiteSprite1000.png */; };
		20552DC2211F1EFA00C54538 /* whiteSprite1111.png in Resources */ = {isa = PBXBuildFile; fileRef = 20552DB2211F1EF900C54538 /* whiteSprite1111.png */; };
		20552DC3211F1EFA00C54538 /* whiteSprite0011.png in Resources */ = {isa = PBXBuildFile; fileRef = 20552DB3211F1EF900C54538 /* whiteSprite0011.png */; };
		20552DC4211F1EFA00C54538 /* whiteSprite1011.png in Resources */ = {isa = PBXBuildFile; fileRef = 20552DB4211F1EF900C54538 /* whiteSprite1011.png */; };
		20552DC5211F1EFA00C54538 /* whiteSprite0010.png in Resources */ = {isa = PBXBuildFile; fileRef = 20552DB5211F1EF900C54538 /* whiteSprite0010.png */; };
		20552DC6211F1EFA00C54538 /* whiteSprite1101.png in Resources */ = {isa = PBXBuildFile; fileRef = 20552DB6211F1EF900C54538 /* whiteSprite1101.png */; };
		20552DC7211F1EFA00C54538 /* whiteSprite1110.png in Resources */ = {isa = PBXBuildFile; fileRef = 20552DB7211F1EF900C54538 /* whiteSprite1110.png */; };
		20552DC8211F1EFA00C54538 /* whiteSprite1100.png in Resources */ = {isa = PBXBuildFile; fileRef = 20552DB8211F1EFA00C54538 /* whiteSprite1100.png */; };
		20552DC9211F1EFA00C54538 /* whiteSprite0001.png in Resources */ = {isa = PBXBuildFile; fileRef = 20552DB9211F1EFA00C54538 /* whiteSprite0001.png */; };
		20552DCA211F1EFA00C54538 /* whiteSprite0000.png in Resources */ = {isa = PBXBuildFile; fileRef = 20552DBA211F1EFA00C54538 /* whiteSprite0000.png */; };
		20552DCB211F1EFA00C54538 /* whiteSprite0111.png in Resources */ = {isa = PBXBuildFile; fileRef = 20552DBB211F1EFA00C54538 /* whiteSprite0111.png */; };
		20552DCC211F1EFA00C54538 /* whiteSprite0100.png in Resources */ = {isa = PBXBuildFile; fileRef = 20552DBC211F1EFA00C54538 /* whiteSprite0100.png */; };
		2055B489211C74A9000FD7A9 /* CustomTableViewCell.swift in Sources */ = {isa = PBXBuildFile; fileRef = 2055B488211C74A9000FD7A9 /* CustomTableViewCell.swift */; };
		205627ED214AA716006B9357 /* BestScoreSync.swift in Sources */ = {isa = PBXBuildFile; fileRef = 205627EC214AA716006B9357 /* BestScoreSync.swift */; };
		205627EF214AA9E9006B9357 /* PlayerActivity.swift in Sources */ = {isa = PBXBuildFile; fileRef = 205627EE214AA9E9006B9357 /* PlayerActivity.swift */; };
		2057BA282029F57B000DF337 /* StoreKit.framework in Frameworks */ = {isa = PBXBuildFile; fileRef = 2057BA272029F57B000DF337 /* StoreKit.framework */; };
		2057BA2A2029F591000DF337 /* GameKit.framework in Frameworks */ = {isa = PBXBuildFile; fileRef = 2057BA292029F591000DF337 /* GameKit.framework */; };
		2057BA2C202A0006000DF337 /* ChoosePackageScene.swift in Sources */ = {isa = PBXBuildFile; fileRef = 2057BA2B202A0006000DF337 /* ChoosePackageScene.swift */; };
		205850F42170D2C900D89B9A /* RealmManager.swift in Sources */ = {isa = PBXBuildFile; fileRef = 205850F32170D2C900D89B9A /* RealmManager.swift */; };
		205BF79821E4D3A6006633C6 /* huMandatory1.txt in Resources */ = {isa = PBXBuildFile; fileRef = 205BF79721E4D3A6006633C6 /* huMandatory1.txt */; };
		205BF79A21E4D952006633C6 /* huMandatory.txt in Resources */ = {isa = PBXBuildFile; fileRef = 205BF79921E4D952006633C6 /* huMandatory.txt */; };
		205CF7EB2129A21000C1B89D /* finger.png in Resources */ = {isa = PBXBuildFile; fileRef = 205CF7EA2129A21000C1B89D /* finger.png */; };
		205CF7ED2129BC9300C1B89D /* back.png in Resources */ = {isa = PBXBuildFile; fileRef = 205CF7EC2129BC9300C1B89D /* back.png */; };
		205CF7F02129BF4B00C1B89D /* previousGame.png in Resources */ = {isa = PBXBuildFile; fileRef = 205CF7EE2129BF4B00C1B89D /* previousGame.png */; };
		205CF7F12129BF4B00C1B89D /* nextGame.png in Resources */ = {isa = PBXBuildFile; fileRef = 205CF7EF2129BF4B00C1B89D /* nextGame.png */; };
		205E601A20C02BB800A5AB39 /* WordDBGenerator.swift in Sources */ = {isa = PBXBuildFile; fileRef = 205E601920C02BB800A5AB39 /* WordDBGenerator.swift */; };
		205E8E2820948E2E00314646 /* button.png in Resources */ = {isa = PBXBuildFile; fileRef = 205E8E2720948E2D00314646 /* button.png */; };
		2060036E20347FF400023E10 /* WTGameboardItem.swift in Sources */ = {isa = PBXBuildFile; fileRef = 2060036D20347FF400023E10 /* WTGameboardItem.swift */; };
		2060037020348A8800023E10 /* Grid.swift in Sources */ = {isa = PBXBuildFile; fileRef = 2060036F20348A8800023E10 /* Grid.swift */; };
		2064CF4F21E68D1A006D280B /* deMandatory1.txt in Resources */ = {isa = PBXBuildFile; fileRef = 2064CF4E21E68D1A006D280B /* deMandatory1.txt */; };
		2065252620FD212C00F0BC46 /* WTGameWordList.swift in Sources */ = {isa = PBXBuildFile; fileRef = 2065252520FD212C00F0BC46 /* WTGameWordList.swift */; };
		206664A820A45A3000C6C5E4 /* RoundDataModel.swift in Sources */ = {isa = PBXBuildFile; fileRef = 206664A720A45A3000C6C5E4 /* RoundDataModel.swift */; };
		206F12F721E793620097C298 /* deMandatory2.txt in Resources */ = {isa = PBXBuildFile; fileRef = 206F12F621E793620097C298 /* deMandatory2.txt */; };
		208144202167B65500496AFC /* BestScoreForGame.swift in Sources */ = {isa = PBXBuildFile; fileRef = 2081441F2167B65500496AFC /* BestScoreForGame.swift */; };
		208173E12103577900960800 /* balloon.png in Resources */ = {isa = PBXBuildFile; fileRef = 208173E02103577800960800 /* balloon.png */; };
		20819320202B472900406D9A /* GameDataModel.swift in Sources */ = {isa = PBXBuildFile; fileRef = 2081931F202B472900406D9A /* GameDataModel.swift */; };
		20819322202B484D00406D9A /* gameData.txt in Resources */ = {isa = PBXBuildFile; fileRef = 20819321202B484D00406D9A /* gameData.txt */; };
		20819324202B4A7100406D9A /* GenerateGameData.swift in Sources */ = {isa = PBXBuildFile; fileRef = 20819323202B4A7100406D9A /* GenerateGameData.swift */; };
		20842DE62031EA910078FFDA /* ruWords.txt in Resources */ = {isa = PBXBuildFile; fileRef = 20842DE52031EA910078FFDA /* ruWords.txt */; };
		2087AC0E202C86FF008DEF26 /* LoadingScene.swift in Sources */ = {isa = PBXBuildFile; fileRef = 2087AC0D202C86FF008DEF26 /* LoadingScene.swift */; };
		208D085620C42F4000954E63 /* Mandatory.realm in Resources */ = {isa = PBXBuildFile; fileRef = 208D085520C42F3400954E63 /* Mandatory.realm */; };
		20943C8E2092129000B34A07 /* MyQuestions.swift in Sources */ = {isa = PBXBuildFile; fileRef = 20943C8D2092129000B34A07 /* MyQuestions.swift */; };
		2098BB8E20601B0B00C3641B /* magier.png in Resources */ = {isa = PBXBuildFile; fileRef = 2098BB8D20601B0B00C3641B /* magier.png */; };
		20A604B32035D93A00DC48F0 /* MyRandom.swift in Sources */ = {isa = PBXBuildFile; fileRef = 20A604B22035D93A00DC48F0 /* MyRandom.swift */; };
		20A6913D203088FF00AB47C0 /* enWords.txt in Resources */ = {isa = PBXBuildFile; fileRef = 20A6913C203088FF00AB47C0 /* enWords.txt */; };
		20A6914020309B9F00AB47C0 /* WTPiece.swift in Sources */ = {isa = PBXBuildFile; fileRef = 20A6913F20309B9F00AB47C0 /* WTPiece.swift */; };
		20A6914220309CC500AB47C0 /* WTGamebord.swift in Sources */ = {isa = PBXBuildFile; fileRef = 20A6914120309CC500AB47C0 /* WTGamebord.swift */; };
		20A6E83520AEDB4B000F5950 /* MyTimer.swift in Sources */ = {isa = PBXBuildFile; fileRef = 20A6E83420AEDB4B000F5950 /* MyTimer.swift */; };
		20B04BB220935CC3008F99A2 /* menuBackground.png in Resources */ = {isa = PBXBuildFile; fileRef = 20B04BB120935CC2008F99A2 /* menuBackground.png */; };
		20B28AE020330C64001682B2 /* deWordsOld.txt in Resources */ = {isa = PBXBuildFile; fileRef = 20B28ADF20330C64001682B2 /* deWordsOld.txt */; };
		20B28AE220330E73001682B2 /* BasicDataModel.swift in Sources */ = {isa = PBXBuildFile; fileRef = 20B28AE120330E73001682B2 /* BasicDataModel.swift */; };
		20B28AE620333273001682B2 /* WTTableView.swift in Sources */ = {isa = PBXBuildFile; fileRef = 20B28AE520333273001682B2 /* WTTableView.swift */; };
		20CDA669214FFEBF00160DC6 /* CloudRecordsViewController.swift in Sources */ = {isa = PBXBuildFile; fileRef = 20CDA668214FFEBF00160DC6 /* CloudRecordsViewController.swift */; };
		20F176052162688300AF37D7 /* Realm.framework in Frameworks */ = {isa = PBXBuildFile; fileRef = 20F176042162688300AF37D7 /* Realm.framework */; };
		20F176072162688F00AF37D7 /* RealmSwift.framework in Frameworks */ = {isa = PBXBuildFile; fileRef = 20F176062162688E00AF37D7 /* RealmSwift.framework */; };
		20F17609216269DB00AF37D7 /* StateOfWordChanging.txt in Resources */ = {isa = PBXBuildFile; fileRef = 20F17608216269DB00AF37D7 /* StateOfWordChanging.txt */; };
		20FA4DBF20C18EC600D93882 /* MandatoryModel.swift in Sources */ = {isa = PBXBuildFile; fileRef = 20FA4DBE20C18EC600D93882 /* MandatoryModel.swift */; };
/* End PBXBuildFile section */

/* Begin PBXCopyFilesBuildPhase section */
		209D91D920B5877700EC141E /* Embed Frameworks */ = {
			isa = PBXCopyFilesBuildPhase;
			buildActionMask = 2147483647;
			dstPath = "";
			dstSubfolderSpec = 10;
			files = (
			);
			name = "Embed Frameworks";
			runOnlyForDeploymentPostprocessing = 0;
		};
/* End PBXCopyFilesBuildPhase section */

/* Begin PBXFileReference section */
		201435D820C2FE24002D1C04 /* SettingsScene.swift */ = {isa = PBXFileReference; lastKnownFileType = sourcecode.swift; path = SettingsScene.swift; sourceTree = "<group>"; };
		201FB1AE20288C2B00EC9F36 /* MagicOfWords.app */ = {isa = PBXFileReference; explicitFileType = wrapper.application; includeInIndex = 0; path = MagicOfWords.app; sourceTree = BUILT_PRODUCTS_DIR; };
		201FB1B120288C2B00EC9F36 /* AppDelegate.swift */ = {isa = PBXFileReference; lastKnownFileType = sourcecode.swift; path = AppDelegate.swift; sourceTree = "<group>"; };
		201FB1BC20288C2B00EC9F36 /* Base */ = {isa = PBXFileReference; lastKnownFileType = file.storyboard; name = Base; path = Base.lproj/Main.storyboard; sourceTree = "<group>"; };
		201FB1BE20288C2B00EC9F36 /* Assets.xcassets */ = {isa = PBXFileReference; lastKnownFileType = folder.assetcatalog; path = Assets.xcassets; sourceTree = "<group>"; };
		201FB1C120288C2B00EC9F36 /* Base */ = {isa = PBXFileReference; lastKnownFileType = file.storyboard; name = Base; path = Base.lproj/LaunchScreen.storyboard; sourceTree = "<group>"; };
		201FB1C320288C2B00EC9F36 /* Info.plist */ = {isa = PBXFileReference; lastKnownFileType = text.plist.xml; path = Info.plist; sourceTree = "<group>"; };
		201FB1C920288CE900EC9F36 /* MyGlobals.swift */ = {isa = PBXFileReference; fileEncoding = 4; lastKnownFileType = sourcecode.swift; path = MyGlobals.swift; sourceTree = "<group>"; };
		201FB1CA20288CE900EC9F36 /* MainViewController.swift */ = {isa = PBXFileReference; fileEncoding = 4; lastKnownFileType = sourcecode.swift; path = MainViewController.swift; sourceTree = "<group>"; };
		201FB1CB20288CEA00EC9F36 /* ru.swift */ = {isa = PBXFileReference; fileEncoding = 4; lastKnownFileType = sourcecode.swift; path = ru.swift; sourceTree = "<group>"; };
		201FB1CC20288CEA00EC9F36 /* MyFunctions.swift */ = {isa = PBXFileReference; fileEncoding = 4; lastKnownFileType = sourcecode.swift; path = MyFunctions.swift; sourceTree = "<group>"; };
		201FB1CD20288CEA00EC9F36 /* WordListModel.swift */ = {isa = PBXFileReference; fileEncoding = 4; lastKnownFileType = sourcecode.swift; path = WordListModel.swift; sourceTree = "<group>"; };
		201FB1CE20288CEA00EC9F36 /* hu.swift */ = {isa = PBXFileReference; fileEncoding = 4; lastKnownFileType = sourcecode.swift; path = hu.swift; sourceTree = "<group>"; };
		201FB1CF20288CEA00EC9F36 /* Extensions.swift */ = {isa = PBXFileReference; fileEncoding = 4; lastKnownFileType = sourcecode.swift; path = Extensions.swift; sourceTree = "<group>"; };
		201FB1D120288CEA00EC9F36 /* MenuScene.swift */ = {isa = PBXFileReference; fileEncoding = 4; lastKnownFileType = sourcecode.swift; path = MenuScene.swift; sourceTree = "<group>"; };
		201FB1D220288CEA00EC9F36 /* en.swift */ = {isa = PBXFileReference; fileEncoding = 4; lastKnownFileType = sourcecode.swift; path = en.swift; sourceTree = "<group>"; };
		201FB1D320288CEA00EC9F36 /* de.swift */ = {isa = PBXFileReference; fileEncoding = 4; lastKnownFileType = sourcecode.swift; path = de.swift; sourceTree = "<group>"; };
		201FB1D420288CEA00EC9F36 /* Language.swift */ = {isa = PBXFileReference; fileEncoding = 4; lastKnownFileType = sourcecode.swift; path = Language.swift; sourceTree = "<group>"; };
		202EF6C521CA9DAD000E4DA4 /* online.png */ = {isa = PBXFileReference; lastKnownFileType = image.png; path = online.png; sourceTree = "<group>"; };
		202EF6C721CAA21A000E4DA4 /* offline.png */ = {isa = PBXFileReference; lastKnownFileType = image.png; path = offline.png; sourceTree = "<group>"; };
		20395F5C21A2FE4E00947D7F /* retype.png */ = {isa = PBXFileReference; lastKnownFileType = image.png; path = retype.png; sourceTree = "<group>"; };
		20395F5E21A31D4300947D7F /* search.png */ = {isa = PBXFileReference; lastKnownFileType = image.png; path = search.png; sourceTree = "<group>"; };
		20437F99217B793100F16F99 /* Reachability.framework */ = {isa = PBXFileReference; lastKnownFileType = wrapper.framework; name = Reachability.framework; path = Carthage/Build/iOS/Reachability.framework; sourceTree = "<group>"; };
		20439FEE20BC40DB00D44286 /* Versions.txt */ = {isa = PBXFileReference; lastKnownFileType = text; path = Versions.txt; sourceTree = "<group>"; };
		20469BCE21A43F4E00743EB1 /* sortdown.png */ = {isa = PBXFileReference; lastKnownFileType = image.png; path = sortdown.png; sourceTree = "<group>"; };
		20469BCF21A43F4E00743EB1 /* sortup.png */ = {isa = PBXFileReference; lastKnownFileType = image.png; path = sortup.png; sourceTree = "<group>"; };
		20491F4821CFC88B0060C675 /* CommonString.swift */ = {isa = PBXFileReference; lastKnownFileType = sourcecode.swift; path = CommonString.swift; sourceTree = "<group>"; };
		20491F4A21CFCA3B0060C675 /* CollectMandatoryWordsViewController.swift */ = {isa = PBXFileReference; lastKnownFileType = sourcecode.swift; path = CollectMandatoryWordsViewController.swift; sourceTree = "<group>"; };
		20491F4C21CFCEB20060C675 /* ruMandatory.txt */ = {isa = PBXFileReference; lastKnownFileType = text; path = ruMandatory.txt; sourceTree = "<group>"; };
		2049314921E6494D00BE66EA /* deMandatory.txt */ = {isa = PBXFileReference; lastKnownFileType = text; path = deMandatory.txt; sourceTree = "<group>"; };
		2049314B21E6496100BE66EA /* enMandatory.txt */ = {isa = PBXFileReference; lastKnownFileType = text; path = enMandatory.txt; sourceTree = "<group>"; };
		204A8AD72029DDFF00E9C11F /* huWords.txt */ = {isa = PBXFileReference; lastKnownFileType = text; path = huWords.txt; sourceTree = "<group>"; };
		204A8AD92029EE6000E9C11F /* WTScene.swift */ = {isa = PBXFileReference; lastKnownFileType = sourcecode.swift; path = WTScene.swift; sourceTree = "<group>"; };
		204AEB38205D1F47004D2ECD /* WTGameFinished.swift */ = {isa = PBXFileReference; lastKnownFileType = sourcecode.swift; path = WTGameFinished.swift; sourceTree = "<group>"; };
		204B6FCF21CD3ADD00893D58 /* players.png */ = {isa = PBXFileReference; lastKnownFileType = image.png; path = players.png; sourceTree = "<group>"; };
		204B6FD121CD418D00893D58 /* firstplaces.png */ = {isa = PBXFileReference; lastKnownFileType = image.png; path = firstplaces.png; sourceTree = "<group>"; };
		204B6FD221CD418D00893D58 /* bestScores.png */ = {isa = PBXFileReference; lastKnownFileType = image.png; path = bestScores.png; sourceTree = "<group>"; };
		204BB45C2063E9E000CDF085 /* undo.png */ = {isa = PBXFileReference; lastKnownFileType = image.png; name = undo.png; path = MagicOfWords/Pictures/undo.png; sourceTree = SOURCE_ROOT; };
		205184F4206150AC00E7FAF4 /* ruGameData.txt */ = {isa = PBXFileReference; lastKnownFileType = text; path = ruGameData.txt; sourceTree = "<group>"; };
		205184F62061525C00E7FAF4 /* huGameData.txt */ = {isa = PBXFileReference; lastKnownFileType = text; path = huGameData.txt; sourceTree = "<group>"; };
		205184F820615B3100E7FAF4 /* deGameData.txt */ = {isa = PBXFileReference; lastKnownFileType = text; path = deGameData.txt; sourceTree = "<group>"; };
		205184FA20615B5C00E7FAF4 /* enGameData.txt */ = {isa = PBXFileReference; lastKnownFileType = text; path = enGameData.txt; sourceTree = "<group>"; };
		2051A54D2191E376001AD00B /* hook.png */ = {isa = PBXFileReference; lastKnownFileType = image.png; path = hook.png; sourceTree = "<group>"; };
		205234E22187902900B9935F /* deWords.txt */ = {isa = PBXFileReference; lastKnownFileType = text; path = deWords.txt; sourceTree = "<group>"; };
		205234E4218796C100B9935F /* WordList.realm */ = {isa = PBXFileReference; lastKnownFileType = file; path = WordList.realm; sourceTree = "<group>"; };
		20531C6720B6EA5400E060E2 /* ShowGamesScene.swift */ = {isa = PBXFileReference; lastKnownFileType = sourcecode.swift; path = ShowGamesScene.swift; sourceTree = "<group>"; };
		20552DAD211F1EF800C54538 /* whiteSprite1001.png */ = {isa = PBXFileReference; lastKnownFileType = image.png; path = whiteSprite1001.png; sourceTree = "<group>"; };
		20552DAE211F1EF800C54538 /* whiteSprite0110.png */ = {isa = PBXFileReference; lastKnownFileType = image.png; path = whiteSprite0110.png; sourceTree = "<group>"; };
		20552DAF211F1EF800C54538 /* whiteSprite1010.png */ = {isa = PBXFileReference; lastKnownFileType = image.png; path = whiteSprite1010.png; sourceTree = "<group>"; };
		20552DB0211F1EF900C54538 /* whiteSprite0101.png */ = {isa = PBXFileReference; lastKnownFileType = image.png; path = whiteSprite0101.png; sourceTree = "<group>"; };
		20552DB1211F1EF900C54538 /* whiteSprite1000.png */ = {isa = PBXFileReference; lastKnownFileType = image.png; path = whiteSprite1000.png; sourceTree = "<group>"; };
		20552DB2211F1EF900C54538 /* whiteSprite1111.png */ = {isa = PBXFileReference; lastKnownFileType = image.png; path = whiteSprite1111.png; sourceTree = "<group>"; };
		20552DB3211F1EF900C54538 /* whiteSprite0011.png */ = {isa = PBXFileReference; lastKnownFileType = image.png; path = whiteSprite0011.png; sourceTree = "<group>"; };
		20552DB4211F1EF900C54538 /* whiteSprite1011.png */ = {isa = PBXFileReference; lastKnownFileType = image.png; path = whiteSprite1011.png; sourceTree = "<group>"; };
		20552DB5211F1EF900C54538 /* whiteSprite0010.png */ = {isa = PBXFileReference; lastKnownFileType = image.png; path = whiteSprite0010.png; sourceTree = "<group>"; };
		20552DB6211F1EF900C54538 /* whiteSprite1101.png */ = {isa = PBXFileReference; lastKnownFileType = image.png; path = whiteSprite1101.png; sourceTree = "<group>"; };
		20552DB7211F1EF900C54538 /* whiteSprite1110.png */ = {isa = PBXFileReference; lastKnownFileType = image.png; path = whiteSprite1110.png; sourceTree = "<group>"; };
		20552DB8211F1EFA00C54538 /* whiteSprite1100.png */ = {isa = PBXFileReference; lastKnownFileType = image.png; path = whiteSprite1100.png; sourceTree = "<group>"; };
		20552DB9211F1EFA00C54538 /* whiteSprite0001.png */ = {isa = PBXFileReference; lastKnownFileType = image.png; path = whiteSprite0001.png; sourceTree = "<group>"; };
		20552DBA211F1EFA00C54538 /* whiteSprite0000.png */ = {isa = PBXFileReference; lastKnownFileType = image.png; path = whiteSprite0000.png; sourceTree = "<group>"; };
		20552DBB211F1EFA00C54538 /* whiteSprite0111.png */ = {isa = PBXFileReference; lastKnownFileType = image.png; path = whiteSprite0111.png; sourceTree = "<group>"; };
		20552DBC211F1EFA00C54538 /* whiteSprite0100.png */ = {isa = PBXFileReference; lastKnownFileType = image.png; path = whiteSprite0100.png; sourceTree = "<group>"; };
		2055B488211C74A9000FD7A9 /* CustomTableViewCell.swift */ = {isa = PBXFileReference; lastKnownFileType = sourcecode.swift; path = CustomTableViewCell.swift; sourceTree = "<group>"; };
		205627EC214AA716006B9357 /* BestScoreSync.swift */ = {isa = PBXFileReference; lastKnownFileType = sourcecode.swift; path = BestScoreSync.swift; sourceTree = "<group>"; };
		205627EE214AA9E9006B9357 /* PlayerActivity.swift */ = {isa = PBXFileReference; lastKnownFileType = sourcecode.swift; path = PlayerActivity.swift; sourceTree = "<group>"; };
		2057BA272029F57B000DF337 /* StoreKit.framework */ = {isa = PBXFileReference; lastKnownFileType = wrapper.framework; name = StoreKit.framework; path = System/Library/Frameworks/StoreKit.framework; sourceTree = SDKROOT; };
		2057BA292029F591000DF337 /* GameKit.framework */ = {isa = PBXFileReference; lastKnownFileType = wrapper.framework; name = GameKit.framework; path = System/Library/Frameworks/GameKit.framework; sourceTree = SDKROOT; };
		2057BA2B202A0006000DF337 /* ChoosePackageScene.swift */ = {isa = PBXFileReference; lastKnownFileType = sourcecode.swift; path = ChoosePackageScene.swift; sourceTree = "<group>"; };
		205850F32170D2C900D89B9A /* RealmManager.swift */ = {isa = PBXFileReference; lastKnownFileType = sourcecode.swift; path = RealmManager.swift; sourceTree = "<group>"; };
		205BF79721E4D3A6006633C6 /* huMandatory1.txt */ = {isa = PBXFileReference; lastKnownFileType = text; path = huMandatory1.txt; sourceTree = "<group>"; };
		205BF79921E4D952006633C6 /* huMandatory.txt */ = {isa = PBXFileReference; lastKnownFileType = text; path = huMandatory.txt; sourceTree = "<group>"; };
		205CF7EA2129A21000C1B89D /* finger.png */ = {isa = PBXFileReference; lastKnownFileType = image.png; name = finger.png; path = MagicOfWords/Pictures/finger.png; sourceTree = SOURCE_ROOT; };
		205CF7EC2129BC9300C1B89D /* back.png */ = {isa = PBXFileReference; lastKnownFileType = image.png; name = back.png; path = MagicOfWords/Pictures/back.png; sourceTree = SOURCE_ROOT; };
		205CF7EE2129BF4B00C1B89D /* previousGame.png */ = {isa = PBXFileReference; lastKnownFileType = image.png; path = previousGame.png; sourceTree = "<group>"; };
		205CF7EF2129BF4B00C1B89D /* nextGame.png */ = {isa = PBXFileReference; lastKnownFileType = image.png; path = nextGame.png; sourceTree = "<group>"; };
		205E601920C02BB800A5AB39 /* WordDBGenerator.swift */ = {isa = PBXFileReference; lastKnownFileType = sourcecode.swift; path = WordDBGenerator.swift; sourceTree = "<group>"; };
		205E8E2720948E2D00314646 /* button.png */ = {isa = PBXFileReference; lastKnownFileType = image.png; path = button.png; sourceTree = "<group>"; };
		2060036D20347FF400023E10 /* WTGameboardItem.swift */ = {isa = PBXFileReference; lastKnownFileType = sourcecode.swift; path = WTGameboardItem.swift; sourceTree = "<group>"; };
		2060036F20348A8800023E10 /* Grid.swift */ = {isa = PBXFileReference; lastKnownFileType = sourcecode.swift; path = Grid.swift; sourceTree = "<group>"; };
		2064CF4E21E68D1A006D280B /* deMandatory1.txt */ = {isa = PBXFileReference; lastKnownFileType = text; path = deMandatory1.txt; sourceTree = "<group>"; };
		2065252520FD212C00F0BC46 /* WTGameWordList.swift */ = {isa = PBXFileReference; lastKnownFileType = sourcecode.swift; path = WTGameWordList.swift; sourceTree = "<group>"; };
		206664A720A45A3000C6C5E4 /* RoundDataModel.swift */ = {isa = PBXFileReference; lastKnownFileType = sourcecode.swift; path = RoundDataModel.swift; sourceTree = "<group>"; };
		206F12F621E793620097C298 /* deMandatory2.txt */ = {isa = PBXFileReference; lastKnownFileType = text; path = deMandatory2.txt; sourceTree = "<group>"; };
		2081441F2167B65500496AFC /* BestScoreForGame.swift */ = {isa = PBXFileReference; lastKnownFileType = sourcecode.swift; path = BestScoreForGame.swift; sourceTree = "<group>"; };
		208173E02103577800960800 /* balloon.png */ = {isa = PBXFileReference; lastKnownFileType = image.png; path = balloon.png; sourceTree = "<group>"; };
		2081931F202B472900406D9A /* GameDataModel.swift */ = {isa = PBXFileReference; lastKnownFileType = sourcecode.swift; path = GameDataModel.swift; sourceTree = "<group>"; };
		20819321202B484D00406D9A /* gameData.txt */ = {isa = PBXFileReference; lastKnownFileType = text; path = gameData.txt; sourceTree = "<group>"; };
		20819323202B4A7100406D9A /* GenerateGameData.swift */ = {isa = PBXFileReference; lastKnownFileType = sourcecode.swift; path = GenerateGameData.swift; sourceTree = "<group>"; };
		20842DE52031EA910078FFDA /* ruWords.txt */ = {isa = PBXFileReference; lastKnownFileType = text; path = ruWords.txt; sourceTree = "<group>"; };
		2087AC0D202C86FF008DEF26 /* LoadingScene.swift */ = {isa = PBXFileReference; lastKnownFileType = sourcecode.swift; path = LoadingScene.swift; sourceTree = "<group>"; };
		208D085520C42F3400954E63 /* Mandatory.realm */ = {isa = PBXFileReference; lastKnownFileType = file; path = Mandatory.realm; sourceTree = "<group>"; };
		20943C8D2092129000B34A07 /* MyQuestions.swift */ = {isa = PBXFileReference; lastKnownFileType = sourcecode.swift; path = MyQuestions.swift; sourceTree = "<group>"; };
		2098BB8D20601B0B00C3641B /* magier.png */ = {isa = PBXFileReference; lastKnownFileType = image.png; name = magier.png; path = MagicOfWords/Pictures/magier.png; sourceTree = SOURCE_ROOT; };
		20A604B22035D93A00DC48F0 /* MyRandom.swift */ = {isa = PBXFileReference; lastKnownFileType = sourcecode.swift; path = MyRandom.swift; sourceTree = "<group>"; };
		20A6913C203088FF00AB47C0 /* enWords.txt */ = {isa = PBXFileReference; lastKnownFileType = text; path = enWords.txt; sourceTree = "<group>"; };
		20A6913F20309B9F00AB47C0 /* WTPiece.swift */ = {isa = PBXFileReference; lastKnownFileType = sourcecode.swift; path = WTPiece.swift; sourceTree = "<group>"; };
		20A6914120309CC500AB47C0 /* WTGamebord.swift */ = {isa = PBXFileReference; lastKnownFileType = sourcecode.swift; path = WTGamebord.swift; sourceTree = "<group>"; };
		20A6E83420AEDB4B000F5950 /* MyTimer.swift */ = {isa = PBXFileReference; lastKnownFileType = sourcecode.swift; path = MyTimer.swift; sourceTree = "<group>"; };
		20B04BB120935CC2008F99A2 /* menuBackground.png */ = {isa = PBXFileReference; lastKnownFileType = image.png; path = menuBackground.png; sourceTree = "<group>"; };
		20B28ADF20330C64001682B2 /* deWordsOld.txt */ = {isa = PBXFileReference; lastKnownFileType = text; path = deWordsOld.txt; sourceTree = "<group>"; };
		20B28AE120330E73001682B2 /* BasicDataModel.swift */ = {isa = PBXFileReference; lastKnownFileType = sourcecode.swift; path = BasicDataModel.swift; sourceTree = "<group>"; };
		20B28AE520333273001682B2 /* WTTableView.swift */ = {isa = PBXFileReference; lastKnownFileType = sourcecode.swift; path = WTTableView.swift; sourceTree = "<group>"; };
		20CDA668214FFEBF00160DC6 /* CloudRecordsViewController.swift */ = {isa = PBXFileReference; lastKnownFileType = sourcecode.swift; path = CloudRecordsViewController.swift; sourceTree = "<group>"; };
		20F176042162688300AF37D7 /* Realm.framework */ = {isa = PBXFileReference; lastKnownFileType = wrapper.framework; name = Realm.framework; path = Carthage/Build/iOS/Realm.framework; sourceTree = "<group>"; };
		20F176062162688E00AF37D7 /* RealmSwift.framework */ = {isa = PBXFileReference; lastKnownFileType = wrapper.framework; name = RealmSwift.framework; path = Carthage/Build/iOS/RealmSwift.framework; sourceTree = "<group>"; };
		20F17608216269DB00AF37D7 /* StateOfWordChanging.txt */ = {isa = PBXFileReference; lastKnownFileType = text; path = StateOfWordChanging.txt; sourceTree = "<group>"; };
		20FA4DBE20C18EC600D93882 /* MandatoryModel.swift */ = {isa = PBXFileReference; lastKnownFileType = sourcecode.swift; path = MandatoryModel.swift; sourceTree = "<group>"; };
/* End PBXFileReference section */

/* Begin PBXFrameworksBuildPhase section */
		201FB1AB20288C2B00EC9F36 /* Frameworks */ = {
			isa = PBXFrameworksBuildPhase;
			buildActionMask = 2147483647;
			files = (
				20437F9A217B793100F16F99 /* Reachability.framework in Frameworks */,
				2057BA282029F57B000DF337 /* StoreKit.framework in Frameworks */,
				20F176072162688F00AF37D7 /* RealmSwift.framework in Frameworks */,
				2057BA2A2029F591000DF337 /* GameKit.framework in Frameworks */,
				20F176052162688300AF37D7 /* Realm.framework in Frameworks */,
			);
			runOnlyForDeploymentPostprocessing = 0;
		};
/* End PBXFrameworksBuildPhase section */

/* Begin PBXGroup section */
		201FB1A520288C2B00EC9F36 = {
			isa = PBXGroup;
			children = (
				20F176042162688300AF37D7 /* Realm.framework */,
				20F176062162688E00AF37D7 /* RealmSwift.framework */,
				201FB1B020288C2B00EC9F36 /* MagicOfWords */,
				206B38C221BC102E008CDE1D /* RealmCloudModels */,
				201FB1AF20288C2B00EC9F36 /* Products */,
				2057BA262029F57B000DF337 /* Frameworks */,
			);
			sourceTree = "<group>";
		};
		201FB1AF20288C2B00EC9F36 /* Products */ = {
			isa = PBXGroup;
			children = (
				201FB1AE20288C2B00EC9F36 /* MagicOfWords.app */,
			);
			name = Products;
			sourceTree = "<group>";
		};
		201FB1B020288C2B00EC9F36 /* MagicOfWords */ = {
			isa = PBXGroup;
			children = (
				20439FEE20BC40DB00D44286 /* Versions.txt */,
				201FB1CF20288CEA00EC9F36 /* Extensions.swift */,
				20943C8D2092129000B34A07 /* MyQuestions.swift */,
				201FB1CA20288CE900EC9F36 /* MainViewController.swift */,
				20CDA668214FFEBF00160DC6 /* CloudRecordsViewController.swift */,
				20491F4A21CFCA3B0060C675 /* CollectMandatoryWordsViewController.swift */,
				201FB1CC20288CEA00EC9F36 /* MyFunctions.swift */,
				201FB1C920288CE900EC9F36 /* MyGlobals.swift */,
				20A604B22035D93A00DC48F0 /* MyRandom.swift */,
				201FB1B120288C2B00EC9F36 /* AppDelegate.swift */,
				205850F32170D2C900D89B9A /* RealmManager.swift */,
				201FB1BB20288C2B00EC9F36 /* Main.storyboard */,
				201FB1BE20288C2B00EC9F36 /* Assets.xcassets */,
				201FB1C020288C2B00EC9F36 /* LaunchScreen.storyboard */,
				201FB1C320288C2B00EC9F36 /* Info.plist */,
				2074A64120C051780075432A /* ReadOnlyDB */,
				20A6913E20309B2200AB47C0 /* WordTrisClassen */,
				201FB1E92028940D00EC9F36 /* Scenes */,
				20587FAF205A6D9F008C018A /* Pictures */,
				201FB1E8202893E500EC9F36 /* Language */,
				201FB1EA20289CEC00EC9F36 /* RealmModels */,
			);
			path = MagicOfWords;
			sourceTree = "<group>";
		};
		201FB1E8202893E500EC9F36 /* Language */ = {
			isa = PBXGroup;
			children = (
				201FB1D420288CEA00EC9F36 /* Language.swift */,
				201FB1D220288CEA00EC9F36 /* en.swift */,
				201FB1D320288CEA00EC9F36 /* de.swift */,
				201FB1CE20288CEA00EC9F36 /* hu.swift */,
				201FB1CB20288CEA00EC9F36 /* ru.swift */,
			);
			path = Language;
			sourceTree = "<group>";
		};
		201FB1E92028940D00EC9F36 /* Scenes */ = {
			isa = PBXGroup;
			children = (
				20531C6720B6EA5400E060E2 /* ShowGamesScene.swift */,
				201FB1D120288CEA00EC9F36 /* MenuScene.swift */,
				2087AC0D202C86FF008DEF26 /* LoadingScene.swift */,
				2057BA2B202A0006000DF337 /* ChoosePackageScene.swift */,
				201435D820C2FE24002D1C04 /* SettingsScene.swift */,
			);
			path = Scenes;
			sourceTree = "<group>";
		};
		201FB1EA20289CEC00EC9F36 /* RealmModels */ = {
			isa = PBXGroup;
			children = (
				201FB1CD20288CEA00EC9F36 /* WordListModel.swift */,
				20FA4DBE20C18EC600D93882 /* MandatoryModel.swift */,
				2081931F202B472900406D9A /* GameDataModel.swift */,
				206664A720A45A3000C6C5E4 /* RoundDataModel.swift */,
				20B28AE120330E73001682B2 /* BasicDataModel.swift */,
				20A6913C203088FF00AB47C0 /* enWords.txt */,
				20B28ADF20330C64001682B2 /* deWordsOld.txt */,
				205234E22187902900B9935F /* deWords.txt */,
				204A8AD72029DDFF00E9C11F /* huWords.txt */,
				20842DE52031EA910078FFDA /* ruWords.txt */,
				205E601920C02BB800A5AB39 /* WordDBGenerator.swift */,
				20819321202B484D00406D9A /* gameData.txt */,
				205184F820615B3100E7FAF4 /* deGameData.txt */,
				205184FA20615B5C00E7FAF4 /* enGameData.txt */,
				205184F62061525C00E7FAF4 /* huGameData.txt */,
				205184F4206150AC00E7FAF4 /* ruGameData.txt */,
				20F17608216269DB00AF37D7 /* StateOfWordChanging.txt */,
				20819323202B4A7100406D9A /* GenerateGameData.swift */,
				20491F4C21CFCEB20060C675 /* ruMandatory.txt */,
				205BF79721E4D3A6006633C6 /* huMandatory1.txt */,
				205BF79921E4D952006633C6 /* huMandatory.txt */,
				2049314921E6494D00BE66EA /* deMandatory.txt */,
				2064CF4E21E68D1A006D280B /* deMandatory1.txt */,
				206F12F621E793620097C298 /* deMandatory2.txt */,
				2049314B21E6496100BE66EA /* enMandatory.txt */,
			);
			path = RealmModels;
			sourceTree = "<group>";
		};
		2057BA262029F57B000DF337 /* Frameworks */ = {
			isa = PBXGroup;
			children = (
				20437F99217B793100F16F99 /* Reachability.framework */,
				2057BA292029F591000DF337 /* GameKit.framework */,
				2057BA272029F57B000DF337 /* StoreKit.framework */,
			);
			name = Frameworks;
			sourceTree = "<group>";
		};
		20587FAF205A6D9F008C018A /* Pictures */ = {
			isa = PBXGroup;
			children = (
				204B6FD221CD418D00893D58 /* bestScores.png */,
				204B6FD121CD418D00893D58 /* firstplaces.png */,
				202EF6C721CAA21A000E4DA4 /* offline.png */,
				202EF6C521CA9DAD000E4DA4 /* online.png */,
				204B6FCF21CD3ADD00893D58 /* players.png */,
				20469BCE21A43F4E00743EB1 /* sortdown.png */,
				20469BCF21A43F4E00743EB1 /* sortup.png */,
				20395F5E21A31D4300947D7F /* search.png */,
				20395F5C21A2FE4E00947D7F /* retype.png */,
				2051A54D2191E376001AD00B /* hook.png */,
				205CF7EC2129BC9300C1B89D /* back.png */,
				205CF7EF2129BF4B00C1B89D /* nextGame.png */,
				205CF7EE2129BF4B00C1B89D /* previousGame.png */,
				205CF7EA2129A21000C1B89D /* finger.png */,
				208173E02103577800960800 /* balloon.png */,
				20B04BB120935CC2008F99A2 /* menuBackground.png */,
				20552DBA211F1EFA00C54538 /* whiteSprite0000.png */,
				20552DB9211F1EFA00C54538 /* whiteSprite0001.png */,
				20552DB5211F1EF900C54538 /* whiteSprite0010.png */,
				20552DB3211F1EF900C54538 /* whiteSprite0011.png */,
				20552DBC211F1EFA00C54538 /* whiteSprite0100.png */,
				20552DB0211F1EF900C54538 /* whiteSprite0101.png */,
				20552DAE211F1EF800C54538 /* whiteSprite0110.png */,
				20552DBB211F1EFA00C54538 /* whiteSprite0111.png */,
				20552DB1211F1EF900C54538 /* whiteSprite1000.png */,
				20552DAD211F1EF800C54538 /* whiteSprite1001.png */,
				20552DAF211F1EF800C54538 /* whiteSprite1010.png */,
				20552DB4211F1EF900C54538 /* whiteSprite1011.png */,
				20552DB8211F1EFA00C54538 /* whiteSprite1100.png */,
				20552DB6211F1EF900C54538 /* whiteSprite1101.png */,
				20552DB7211F1EF900C54538 /* whiteSprite1110.png */,
				20552DB2211F1EF900C54538 /* whiteSprite1111.png */,
				2098BB8D20601B0B00C3641B /* magier.png */,
				205E8E2720948E2D00314646 /* button.png */,
				204BB45C2063E9E000CDF085 /* undo.png */,
			);
			path = Pictures;
			sourceTree = "<group>";
		};
		206B38C221BC102E008CDE1D /* RealmCloudModels */ = {
			isa = PBXGroup;
			children = (
				205627EC214AA716006B9357 /* BestScoreSync.swift */,
				2081441F2167B65500496AFC /* BestScoreForGame.swift */,
				205627EE214AA9E9006B9357 /* PlayerActivity.swift */,
				20491F4821CFC88B0060C675 /* CommonString.swift */,
			);
			path = RealmCloudModels;
			sourceTree = "<group>";
		};
		2074A64120C051780075432A /* ReadOnlyDB */ = {
			isa = PBXGroup;
			children = (
				208D085520C42F3400954E63 /* Mandatory.realm */,
				205234E4218796C100B9935F /* WordList.realm */,
			);
			path = ReadOnlyDB;
			sourceTree = "<group>";
		};
		20A6913E20309B2200AB47C0 /* WordTrisClassen */ = {
			isa = PBXGroup;
			children = (
				2060036F20348A8800023E10 /* Grid.swift */,
				20B28AE520333273001682B2 /* WTTableView.swift */,
				204A8AD92029EE6000E9C11F /* WTScene.swift */,
				2055B488211C74A9000FD7A9 /* CustomTableViewCell.swift */,
				204AEB38205D1F47004D2ECD /* WTGameFinished.swift */,
				20A6913F20309B9F00AB47C0 /* WTPiece.swift */,
				20A6914120309CC500AB47C0 /* WTGamebord.swift */,
				2060036D20347FF400023E10 /* WTGameboardItem.swift */,
				20A6E83420AEDB4B000F5950 /* MyTimer.swift */,
				2065252520FD212C00F0BC46 /* WTGameWordList.swift */,
			);
			path = WordTrisClassen;
			sourceTree = "<group>";
		};
/* End PBXGroup section */

/* Begin PBXNativeTarget section */
		201FB1AD20288C2B00EC9F36 /* MagicOfWords */ = {
			isa = PBXNativeTarget;
			buildConfigurationList = 201FB1C620288C2B00EC9F36 /* Build configuration list for PBXNativeTarget "MagicOfWords" */;
			buildPhases = (
				201FB1AA20288C2B00EC9F36 /* Sources */,
				201FB1AB20288C2B00EC9F36 /* Frameworks */,
				201FB1AC20288C2B00EC9F36 /* Resources */,
				209D91D920B5877700EC141E /* Embed Frameworks */,
				20F1760A21626C6000AF37D7 /* ShellScript */,
			);
			buildRules = (
			);
			dependencies = (
			);
			name = MagicOfWords;
			productName = MagicOfWords;
			productReference = 201FB1AE20288C2B00EC9F36 /* MagicOfWords.app */;
			productType = "com.apple.product-type.application";
		};
/* End PBXNativeTarget section */

/* Begin PBXProject section */
		201FB1A620288C2B00EC9F36 /* Project object */ = {
			isa = PBXProject;
			attributes = {
				LastSwiftUpdateCheck = 0920;
				LastUpgradeCheck = 0930;
				ORGANIZATIONNAME = "Jozsef Romhanyi";
				TargetAttributes = {
					201FB1AD20288C2B00EC9F36 = {
						CreatedOnToolsVersion = 9.2;
						LastSwiftMigration = 1000;
						ProvisioningStyle = Automatic;
						SystemCapabilities = {
							com.apple.GameCenter = {
								enabled = 1;
							};
							com.apple.InAppPurchase = {
								enabled = 1;
							};
						};
					};
				};
			};
			buildConfigurationList = 201FB1A920288C2B00EC9F36 /* Build configuration list for PBXProject "MagicOfWords" */;
			compatibilityVersion = "Xcode 8.0";
			developmentRegion = en;
			hasScannedForEncodings = 0;
			knownRegions = (
				en,
				Base,
			);
			mainGroup = 201FB1A520288C2B00EC9F36;
			productRefGroup = 201FB1AF20288C2B00EC9F36 /* Products */;
			projectDirPath = "";
			projectRoot = "";
			targets = (
				201FB1AD20288C2B00EC9F36 /* MagicOfWords */,
			);
		};
/* End PBXProject section */

/* Begin PBXResourcesBuildPhase section */
		201FB1AC20288C2B00EC9F36 /* Resources */ = {
			isa = PBXResourcesBuildPhase;
			buildActionMask = 2147483647;
			files = (
				20552DC6211F1EFA00C54538 /* whiteSprite1101.png in Resources */,
				208D085620C42F4000954E63 /* Mandatory.realm in Resources */,
				202EF6C621CA9DAD000E4DA4 /* online.png in Resources */,
				20439FEF20BC40DB00D44286 /* Versions.txt in Resources */,
				20552DBF211F1EFA00C54538 /* whiteSprite1010.png in Resources */,
				205CF7EB2129A21000C1B89D /* finger.png in Resources */,
				20819322202B484D00406D9A /* gameData.txt in Resources */,
				20552DC3211F1EFA00C54538 /* whiteSprite0011.png in Resources */,
				20552DC2211F1EFA00C54538 /* whiteSprite1111.png in Resources */,
				20552DCC211F1EFA00C54538 /* whiteSprite0100.png in Resources */,
				20552DC0211F1EFA00C54538 /* whiteSprite0101.png in Resources */,
				205184F920615B3100E7FAF4 /* deGameData.txt in Resources */,
				20469BD121A43F4E00743EB1 /* sortup.png in Resources */,
				20552DBD211F1EFA00C54538 /* whiteSprite1001.png in Resources */,
				20842DE62031EA910078FFDA /* ruWords.txt in Resources */,
				20B28AE020330C64001682B2 /* deWordsOld.txt in Resources */,
				20552DC4211F1EFA00C54538 /* whiteSprite1011.png in Resources */,
				20A6913D203088FF00AB47C0 /* enWords.txt in Resources */,
				205184F72061525C00E7FAF4 /* huGameData.txt in Resources */,
				20552DC8211F1EFA00C54538 /* whiteSprite1100.png in Resources */,
				205CF7F12129BF4B00C1B89D /* nextGame.png in Resources */,
				208173E12103577900960800 /* balloon.png in Resources */,
				201FB1BD20288C2B00EC9F36 /* Main.storyboard in Resources */,
				2064CF4F21E68D1A006D280B /* deMandatory1.txt in Resources */,
				20552DC7211F1EFA00C54538 /* whiteSprite1110.png in Resources */,
				20552DCA211F1EFA00C54538 /* whiteSprite0000.png in Resources */,
				205234E32187902900B9935F /* deWords.txt in Resources */,
				205BF79A21E4D952006633C6 /* huMandatory.txt in Resources */,
				20552DC5211F1EFA00C54538 /* whiteSprite0010.png in Resources */,
				206F12F721E793620097C298 /* deMandatory2.txt in Resources */,
				204B6FD321CD418D00893D58 /* firstplaces.png in Resources */,
				2098BB8E20601B0B00C3641B /* magier.png in Resources */,
				205CF7F02129BF4B00C1B89D /* previousGame.png in Resources */,
				204A8AD82029DDFF00E9C11F /* huWords.txt in Resources */,
				202EF6C821CAA21A000E4DA4 /* offline.png in Resources */,
				2051A54E2191E376001AD00B /* hook.png in Resources */,
				204B6FD021CD3ADD00893D58 /* players.png in Resources */,
				20552DBE211F1EFA00C54538 /* whiteSprite0110.png in Resources */,
				205E8E2820948E2E00314646 /* button.png in Resources */,
				205184F5206150AC00E7FAF4 /* ruGameData.txt in Resources */,
				205BF79821E4D3A6006633C6 /* huMandatory1.txt in Resources */,
				20552DC9211F1EFA00C54538 /* whiteSprite0001.png in Resources */,
				20B04BB220935CC3008F99A2 /* menuBackground.png in Resources */,
				205CF7ED2129BC9300C1B89D /* back.png in Resources */,
				201FB1BF20288C2B00EC9F36 /* Assets.xcassets in Resources */,
				204BB45D2063E9E000CDF085 /* undo.png in Resources */,
				205234E5218796C200B9935F /* WordList.realm in Resources */,
				2049314A21E6494D00BE66EA /* deMandatory.txt in Resources */,
				20491F4D21CFCEB20060C675 /* ruMandatory.txt in Resources */,
				20395F5D21A2FE4E00947D7F /* retype.png in Resources */,
				20469BD021A43F4E00743EB1 /* sortdown.png in Resources */,
				20552DCB211F1EFA00C54538 /* whiteSprite0111.png in Resources */,
				204B6FD421CD418D00893D58 /* bestScores.png in Resources */,
				205184FB20615B5C00E7FAF4 /* enGameData.txt in Resources */,
				20552DC1211F1EFA00C54538 /* whiteSprite1000.png in Resources */,
				201FB1C220288C2B00EC9F36 /* LaunchScreen.storyboard in Resources */,
				2049314C21E6496100BE66EA /* enMandatory.txt in Resources */,
				20F17609216269DB00AF37D7 /* StateOfWordChanging.txt in Resources */,
				20395F5F21A31D4300947D7F /* search.png in Resources */,
			);
			runOnlyForDeploymentPostprocessing = 0;
		};
/* End PBXResourcesBuildPhase section */

/* Begin PBXShellScriptBuildPhase section */
		20F1760A21626C6000AF37D7 /* ShellScript */ = {
			isa = PBXShellScriptBuildPhase;
			buildActionMask = 2147483647;
			files = (
			);
			inputFileListPaths = (
			);
			inputPaths = (
				"$(SRCROOT)/Carthage/Build/iOS/Realm.framework",
				"$(SRCROOT)/Carthage/Build/iOS/RealmSwift.framework",
				"$(SRCROOT)/Carthage/Build/iOS/Reachability.framework",
			);
			outputFileListPaths = (
			);
			outputPaths = (
			);
			runOnlyForDeploymentPostprocessing = 0;
			shellPath = /bin/sh;
			shellScript = "/usr/local/bin/carthage copy-frameworks\n";
		};
/* End PBXShellScriptBuildPhase section */

/* Begin PBXSourcesBuildPhase section */
		201FB1AA20288C2B00EC9F36 /* Sources */ = {
			isa = PBXSourcesBuildPhase;
			buildActionMask = 2147483647;
			files = (
				20A6914020309B9F00AB47C0 /* WTPiece.swift in Sources */,
				201FB1D520288CEA00EC9F36 /* MyGlobals.swift in Sources */,
				206664A820A45A3000C6C5E4 /* RoundDataModel.swift in Sources */,
				205627EF214AA9E9006B9357 /* PlayerActivity.swift in Sources */,
				2087AC0E202C86FF008DEF26 /* LoadingScene.swift in Sources */,
				201FB1DF20288CEA00EC9F36 /* de.swift in Sources */,
				20819320202B472900406D9A /* GameDataModel.swift in Sources */,
				201FB1B220288C2B00EC9F36 /* AppDelegate.swift in Sources */,
				201FB1E020288CEA00EC9F36 /* Language.swift in Sources */,
				20A6914220309CC500AB47C0 /* WTGamebord.swift in Sources */,
				2057BA2C202A0006000DF337 /* ChoosePackageScene.swift in Sources */,
				20FA4DBF20C18EC600D93882 /* MandatoryModel.swift in Sources */,
				201FB1DE20288CEA00EC9F36 /* en.swift in Sources */,
				20491F4921CFC88B0060C675 /* CommonString.swift in Sources */,
				201FB1DA20288CEA00EC9F36 /* hu.swift in Sources */,
				2065252620FD212C00F0BC46 /* WTGameWordList.swift in Sources */,
				205627ED214AA716006B9357 /* BestScoreSync.swift in Sources */,
				2060036E20347FF400023E10 /* WTGameboardItem.swift in Sources */,
				205850F42170D2C900D89B9A /* RealmManager.swift in Sources */,
				208144202167B65500496AFC /* BestScoreForGame.swift in Sources */,
				20A604B32035D93A00DC48F0 /* MyRandom.swift in Sources */,
				201FB1DB20288CEA00EC9F36 /* Extensions.swift in Sources */,
				201FB1D720288CEA00EC9F36 /* ru.swift in Sources */,
				201435D920C2FE24002D1C04 /* SettingsScene.swift in Sources */,
				20491F4B21CFCA3B0060C675 /* CollectMandatoryWordsViewController.swift in Sources */,
				20531C6820B6EA5400E060E2 /* ShowGamesScene.swift in Sources */,
				204AEB39205D1F47004D2ECD /* WTGameFinished.swift in Sources */,
				20A6E83520AEDB4B000F5950 /* MyTimer.swift in Sources */,
				20B28AE220330E73001682B2 /* BasicDataModel.swift in Sources */,
				20CDA669214FFEBF00160DC6 /* CloudRecordsViewController.swift in Sources */,
				20B28AE620333273001682B2 /* WTTableView.swift in Sources */,
				2060037020348A8800023E10 /* Grid.swift in Sources */,
				20819324202B4A7100406D9A /* GenerateGameData.swift in Sources */,
				205E601A20C02BB800A5AB39 /* WordDBGenerator.swift in Sources */,
				201FB1D620288CEA00EC9F36 /* MainViewController.swift in Sources */,
				201FB1DD20288CEA00EC9F36 /* MenuScene.swift in Sources */,
				201FB1D820288CEA00EC9F36 /* MyFunctions.swift in Sources */,
				2055B489211C74A9000FD7A9 /* CustomTableViewCell.swift in Sources */,
				204A8ADA2029EE6000E9C11F /* WTScene.swift in Sources */,
				20943C8E2092129000B34A07 /* MyQuestions.swift in Sources */,
				201FB1D920288CEA00EC9F36 /* WordListModel.swift in Sources */,
			);
			runOnlyForDeploymentPostprocessing = 0;
		};
/* End PBXSourcesBuildPhase section */

/* Begin PBXVariantGroup section */
		201FB1BB20288C2B00EC9F36 /* Main.storyboard */ = {
			isa = PBXVariantGroup;
			children = (
				201FB1BC20288C2B00EC9F36 /* Base */,
			);
			name = Main.storyboard;
			sourceTree = "<group>";
		};
		201FB1C020288C2B00EC9F36 /* LaunchScreen.storyboard */ = {
			isa = PBXVariantGroup;
			children = (
				201FB1C120288C2B00EC9F36 /* Base */,
			);
			name = LaunchScreen.storyboard;
			sourceTree = "<group>";
		};
/* End PBXVariantGroup section */

/* Begin XCBuildConfiguration section */
		201FB1C420288C2B00EC9F36 /* Debug */ = {
			isa = XCBuildConfiguration;
			buildSettings = {
				ALWAYS_SEARCH_USER_PATHS = NO;
				CLANG_ANALYZER_NONNULL = YES;
				CLANG_ANALYZER_NUMBER_OBJECT_CONVERSION = YES_AGGRESSIVE;
				CLANG_CXX_LANGUAGE_STANDARD = "gnu++14";
				CLANG_CXX_LIBRARY = "libc++";
				CLANG_ENABLE_MODULES = YES;
				CLANG_ENABLE_OBJC_ARC = YES;
				CLANG_WARN_BLOCK_CAPTURE_AUTORELEASING = YES;
				CLANG_WARN_BOOL_CONVERSION = YES;
				CLANG_WARN_COMMA = YES;
				CLANG_WARN_CONSTANT_CONVERSION = YES;
				CLANG_WARN_DEPRECATED_OBJC_IMPLEMENTATIONS = YES;
				CLANG_WARN_DIRECT_OBJC_ISA_USAGE = YES_ERROR;
				CLANG_WARN_DOCUMENTATION_COMMENTS = YES;
				CLANG_WARN_EMPTY_BODY = YES;
				CLANG_WARN_ENUM_CONVERSION = YES;
				CLANG_WARN_INFINITE_RECURSION = YES;
				CLANG_WARN_INT_CONVERSION = YES;
				CLANG_WARN_NON_LITERAL_NULL_CONVERSION = YES;
				CLANG_WARN_OBJC_IMPLICIT_RETAIN_SELF = YES;
				CLANG_WARN_OBJC_LITERAL_CONVERSION = YES;
				CLANG_WARN_OBJC_ROOT_CLASS = YES_ERROR;
				CLANG_WARN_RANGE_LOOP_ANALYSIS = YES;
				CLANG_WARN_STRICT_PROTOTYPES = YES;
				CLANG_WARN_SUSPICIOUS_MOVE = YES;
				CLANG_WARN_UNGUARDED_AVAILABILITY = YES_AGGRESSIVE;
				CLANG_WARN_UNREACHABLE_CODE = YES;
				CLANG_WARN__DUPLICATE_METHOD_MATCH = YES;
				CODE_SIGN_IDENTITY = "iPhone Developer";
				COPY_PHASE_STRIP = NO;
				DEBUG_INFORMATION_FORMAT = dwarf;
				ENABLE_STRICT_OBJC_MSGSEND = YES;
				ENABLE_TESTABILITY = YES;
				GCC_C_LANGUAGE_STANDARD = gnu11;
				GCC_DYNAMIC_NO_PIC = NO;
				GCC_NO_COMMON_BLOCKS = YES;
				GCC_OPTIMIZATION_LEVEL = 0;
				GCC_PREPROCESSOR_DEFINITIONS = (
					"DEBUG=1",
					"$(inherited)",
				);
				GCC_WARN_64_TO_32_BIT_CONVERSION = YES;
				GCC_WARN_ABOUT_RETURN_TYPE = YES_ERROR;
				GCC_WARN_UNDECLARED_SELECTOR = YES;
				GCC_WARN_UNINITIALIZED_AUTOS = YES_AGGRESSIVE;
				GCC_WARN_UNUSED_FUNCTION = YES;
				GCC_WARN_UNUSED_VARIABLE = YES;
				IPHONEOS_DEPLOYMENT_TARGET = 11.2;
				MTL_ENABLE_DEBUG_INFO = YES;
				ONLY_ACTIVE_ARCH = YES;
				SDKROOT = iphoneos;
				SWIFT_ACTIVE_COMPILATION_CONDITIONS = DEBUG;
				SWIFT_OPTIMIZATION_LEVEL = "-Onone";
			};
			name = Debug;
		};
		201FB1C520288C2B00EC9F36 /* Release */ = {
			isa = XCBuildConfiguration;
			buildSettings = {
				ALWAYS_SEARCH_USER_PATHS = NO;
				CLANG_ANALYZER_NONNULL = YES;
				CLANG_ANALYZER_NUMBER_OBJECT_CONVERSION = YES_AGGRESSIVE;
				CLANG_CXX_LANGUAGE_STANDARD = "gnu++14";
				CLANG_CXX_LIBRARY = "libc++";
				CLANG_ENABLE_MODULES = YES;
				CLANG_ENABLE_OBJC_ARC = YES;
				CLANG_WARN_BLOCK_CAPTURE_AUTORELEASING = YES;
				CLANG_WARN_BOOL_CONVERSION = YES;
				CLANG_WARN_COMMA = YES;
				CLANG_WARN_CONSTANT_CONVERSION = YES;
				CLANG_WARN_DEPRECATED_OBJC_IMPLEMENTATIONS = YES;
				CLANG_WARN_DIRECT_OBJC_ISA_USAGE = YES_ERROR;
				CLANG_WARN_DOCUMENTATION_COMMENTS = YES;
				CLANG_WARN_EMPTY_BODY = YES;
				CLANG_WARN_ENUM_CONVERSION = YES;
				CLANG_WARN_INFINITE_RECURSION = YES;
				CLANG_WARN_INT_CONVERSION = YES;
				CLANG_WARN_NON_LITERAL_NULL_CONVERSION = YES;
				CLANG_WARN_OBJC_IMPLICIT_RETAIN_SELF = YES;
				CLANG_WARN_OBJC_LITERAL_CONVERSION = YES;
				CLANG_WARN_OBJC_ROOT_CLASS = YES_ERROR;
				CLANG_WARN_RANGE_LOOP_ANALYSIS = YES;
				CLANG_WARN_STRICT_PROTOTYPES = YES;
				CLANG_WARN_SUSPICIOUS_MOVE = YES;
				CLANG_WARN_UNGUARDED_AVAILABILITY = YES_AGGRESSIVE;
				CLANG_WARN_UNREACHABLE_CODE = YES;
				CLANG_WARN__DUPLICATE_METHOD_MATCH = YES;
				CODE_SIGN_IDENTITY = "iPhone Developer";
				COPY_PHASE_STRIP = NO;
				DEBUG_INFORMATION_FORMAT = "dwarf-with-dsym";
				ENABLE_NS_ASSERTIONS = NO;
				ENABLE_STRICT_OBJC_MSGSEND = YES;
				GCC_C_LANGUAGE_STANDARD = gnu11;
				GCC_NO_COMMON_BLOCKS = YES;
				GCC_WARN_64_TO_32_BIT_CONVERSION = YES;
				GCC_WARN_ABOUT_RETURN_TYPE = YES_ERROR;
				GCC_WARN_UNDECLARED_SELECTOR = YES;
				GCC_WARN_UNINITIALIZED_AUTOS = YES_AGGRESSIVE;
				GCC_WARN_UNUSED_FUNCTION = YES;
				GCC_WARN_UNUSED_VARIABLE = YES;
				IPHONEOS_DEPLOYMENT_TARGET = 11.2;
				MTL_ENABLE_DEBUG_INFO = NO;
				SDKROOT = iphoneos;
				SWIFT_OPTIMIZATION_LEVEL = "-Owholemodule";
				VALIDATE_PRODUCT = YES;
			};
			name = Release;
		};
		201FB1C720288C2B00EC9F36 /* Debug */ = {
			isa = XCBuildConfiguration;
			buildSettings = {
				ASSETCATALOG_COMPILER_APPICON_NAME = AppIcon;
				CODE_SIGN_STYLE = Automatic;
				DEVELOPMENT_TEAM = WT499VC842;
				FRAMEWORK_SEARCH_PATHS = (
					"$(inherited)",
					"$(PROJECT_DIR)/Carthage/Build/iOS",
				);
				GCC_PREPROCESSOR_DEFINITIONS = (
					"$(inherited)",
					"GENERATEWORDLIST=1",
					"GENERATEMANDATORY=1",
					"SHOWFINGER=1",
					"CREATEMANDATORY=1",
					"CREATEWORDLIST=1",
				);
				INFOPLIST_FILE = MagicOfWords/Info.plist;
				IPHONEOS_DEPLOYMENT_TARGET = 9.0;
				LD_RUNPATH_SEARCH_PATHS = "$(inherited) @executable_path/Frameworks";
				PRODUCT_BUNDLE_IDENTIFIER = JOGAX.MagicOfWords;
				PRODUCT_NAME = "$(TARGET_NAME)";
				SWIFT_ACTIVE_COMPILATION_CONDITIONS = "DEBUG GENERATEWORDLISTX GENERATEMANDATORYX SHOWFINGERX CREATEMANDATORYX CREATEWORDLISTX";
				SWIFT_VERSION = 4.2;
				TARGETED_DEVICE_FAMILY = "1,2";
			};
			name = Debug;
		};
		201FB1C820288C2B00EC9F36 /* Release */ = {
			isa = XCBuildConfiguration;
			buildSettings = {
				ASSETCATALOG_COMPILER_APPICON_NAME = AppIcon;
				CODE_SIGN_STYLE = Automatic;
				DEVELOPMENT_TEAM = WT499VC842;
				FRAMEWORK_SEARCH_PATHS = (
					"$(inherited)",
					"$(PROJECT_DIR)/Carthage/Build/iOS",
				);
				INFOPLIST_FILE = MagicOfWords/Info.plist;
				IPHONEOS_DEPLOYMENT_TARGET = 9.0;
				LD_RUNPATH_SEARCH_PATHS = "$(inherited) @executable_path/Frameworks";
				PRODUCT_BUNDLE_IDENTIFIER = JOGAX.MagicOfWords;
				PRODUCT_NAME = "$(TARGET_NAME)";
				SWIFT_VERSION = 4.2;
				TARGETED_DEVICE_FAMILY = "1,2";
			};
			name = Release;
		};
/* End XCBuildConfiguration section */

/* Begin XCConfigurationList section */
		201FB1A920288C2B00EC9F36 /* Build configuration list for PBXProject "MagicOfWords" */ = {
			isa = XCConfigurationList;
			buildConfigurations = (
				201FB1C420288C2B00EC9F36 /* Debug */,
				201FB1C520288C2B00EC9F36 /* Release */,
			);
			defaultConfigurationIsVisible = 0;
			defaultConfigurationName = Release;
		};
		201FB1C620288C2B00EC9F36 /* Build configuration list for PBXNativeTarget "MagicOfWords" */ = {
			isa = XCConfigurationList;
			buildConfigurations = (
				201FB1C720288C2B00EC9F36 /* Debug */,
				201FB1C820288C2B00EC9F36 /* Release */,
			);
			defaultConfigurationIsVisible = 0;
			defaultConfigurationName = Release;
		};
/* End XCConfigurationList section */
	};
	rootObject = 201FB1A620288C2B00EC9F36 /* Project object */;
}
