// !$*UTF8*$!
{
	archiveVersion = 1;
	classes = {
	};
	objectVersion = 48;
	objects = {

/* Begin PBXBuildFile section */
		201FB1B220288C2B00EC9F36 /* AppDelegate.swift in Sources */ = {isa = PBXBuildFile; fileRef = 201FB1B120288C2B00EC9F36 /* AppDelegate.swift */; };
		201FB1B420288C2B00EC9F36 /* GameScene.sks in Resources */ = {isa = PBXBuildFile; fileRef = 201FB1B320288C2B00EC9F36 /* GameScene.sks */; };
		201FB1B620288C2B00EC9F36 /* Actions.sks in Resources */ = {isa = PBXBuildFile; fileRef = 201FB1B520288C2B00EC9F36 /* Actions.sks */; };
		201FB1B820288C2B00EC9F36 /* GameScene.swift in Sources */ = {isa = PBXBuildFile; fileRef = 201FB1B720288C2B00EC9F36 /* GameScene.swift */; };
		201FB1BA20288C2B00EC9F36 /* GameViewController.swift in Sources */ = {isa = PBXBuildFile; fileRef = 201FB1B920288C2B00EC9F36 /* GameViewController.swift */; };
		201FB1BD20288C2B00EC9F36 /* Main.storyboard in Resources */ = {isa = PBXBuildFile; fileRef = 201FB1BB20288C2B00EC9F36 /* Main.storyboard */; };
		201FB1BF20288C2B00EC9F36 /* Assets.xcassets in Resources */ = {isa = PBXBuildFile; fileRef = 201FB1BE20288C2B00EC9F36 /* Assets.xcassets */; };
		201FB1C220288C2B00EC9F36 /* LaunchScreen.storyboard in Resources */ = {isa = PBXBuildFile; fileRef = 201FB1C020288C2B00EC9F36 /* LaunchScreen.storyboard */; };
/* End PBXBuildFile section */

/* Begin PBXFileReference section */
		201FB1AE20288C2B00EC9F36 /* MagicOfWords.app */ = {isa = PBXFileReference; explicitFileType = wrapper.application; includeInIndex = 0; path = MagicOfWords.app; sourceTree = BUILT_PRODUCTS_DIR; };
		201FB1B120288C2B00EC9F36 /* AppDelegate.swift */ = {isa = PBXFileReference; lastKnownFileType = sourcecode.swift; path = AppDelegate.swift; sourceTree = "<group>"; };
		201FB1B320288C2B00EC9F36 /* GameScene.sks */ = {isa = PBXFileReference; lastKnownFileType = file.sks; path = GameScene.sks; sourceTree = "<group>"; };
		201FB1B520288C2B00EC9F36 /* Actions.sks */ = {isa = PBXFileReference; lastKnownFileType = file.sks; path = Actions.sks; sourceTree = "<group>"; };
		201FB1B720288C2B00EC9F36 /* GameScene.swift */ = {isa = PBXFileReference; lastKnownFileType = sourcecode.swift; path = GameScene.swift; sourceTree = "<group>"; };
		201FB1B920288C2B00EC9F36 /* GameViewController.swift */ = {isa = PBXFileReference; lastKnownFileType = sourcecode.swift; path = GameViewController.swift; sourceTree = "<group>"; };
		201FB1BC20288C2B00EC9F36 /* Base */ = {isa = PBXFileReference; lastKnownFileType = file.storyboard; name = Base; path = Base.lproj/Main.storyboard; sourceTree = "<group>"; };
		201FB1BE20288C2B00EC9F36 /* Assets.xcassets */ = {isa = PBXFileReference; lastKnownFileType = folder.assetcatalog; path = Assets.xcassets; sourceTree = "<group>"; };
		201FB1C120288C2B00EC9F36 /* Base */ = {isa = PBXFileReference; lastKnownFileType = file.storyboard; name = Base; path = Base.lproj/LaunchScreen.storyboard; sourceTree = "<group>"; };
		201FB1C320288C2B00EC9F36 /* Info.plist */ = {isa = PBXFileReference; lastKnownFileType = text.plist.xml; path = Info.plist; sourceTree = "<group>"; };
/* End PBXFileReference section */

/* Begin PBXFrameworksBuildPhase section */
		201FB1AB20288C2B00EC9F36 /* Frameworks */ = {
			isa = PBXFrameworksBuildPhase;
			buildActionMask = 2147483647;
			files = (
			);
			runOnlyForDeploymentPostprocessing = 0;
		};
/* End PBXFrameworksBuildPhase section */

/* Begin PBXGroup section */
		201FB1A520288C2B00EC9F36 = {
			isa = PBXGroup;
			children = (
				201FB1B020288C2B00EC9F36 /* MagicOfWords */,
				201FB1AF20288C2B00EC9F36 /* Products */,
			);
			sourceTree = "<group>";
		};
		201FB1AF20288C2B00EC9F36 /* Products */ = {
			isa = PBXGroup;
			children = (
				201FB1AE20288C2B00EC9F36 /* MagicOfWords.app */,
			);
			name = Products;
			sourceTree = "<group>";
		};
		201FB1B020288C2B00EC9F36 /* MagicOfWords */ = {
			isa = PBXGroup;
			children = (
				201FB1B120288C2B00EC9F36 /* AppDelegate.swift */,
				201FB1B320288C2B00EC9F36 /* GameScene.sks */,
				201FB1B520288C2B00EC9F36 /* Actions.sks */,
				201FB1B720288C2B00EC9F36 /* GameScene.swift */,
				201FB1B920288C2B00EC9F36 /* GameViewController.swift */,
				201FB1BB20288C2B00EC9F36 /* Main.storyboard */,
				201FB1BE20288C2B00EC9F36 /* Assets.xcassets */,
				201FB1C020288C2B00EC9F36 /* LaunchScreen.storyboard */,
				201FB1C320288C2B00EC9F36 /* Info.plist */,
			);
			path = MagicOfWords;
			sourceTree = "<group>";
		};
/* End PBXGroup section */

/* Begin PBXNativeTarget section */
		201FB1AD20288C2B00EC9F36 /* MagicOfWords */ = {
			isa = PBXNativeTarget;
			buildConfigurationList = 201FB1C620288C2B00EC9F36 /* Build configuration list for PBXNativeTarget "MagicOfWords" */;
			buildPhases = (
				201FB1AA20288C2B00EC9F36 /* Sources */,
				201FB1AB20288C2B00EC9F36 /* Frameworks */,
				201FB1AC20288C2B00EC9F36 /* Resources */,
			);
			buildRules = (
			);
			dependencies = (
			);
			name = MagicOfWords;
			productName = MagicOfWords;
			productReference = 201FB1AE20288C2B00EC9F36 /* MagicOfWords.app */;
			productType = "com.apple.product-type.application";
		};
/* End PBXNativeTarget section */

/* Begin PBXProject section */
		201FB1A620288C2B00EC9F36 /* Project object */ = {
			isa = PBXProject;
			attributes = {
				LastSwiftUpdateCheck = 0920;
				LastUpgradeCheck = 0920;
				ORGANIZATIONNAME = "Jozsef Romhanyi";
				TargetAttributes = {
					201FB1AD20288C2B00EC9F36 = {
						CreatedOnToolsVersion = 9.2;
						ProvisioningStyle = Automatic;
					};
				};
			};
			buildConfigurationList = 201FB1A920288C2B00EC9F36 /* Build configuration list for PBXProject "MagicOfWords" */;
			compatibilityVersion = "Xcode 8.0";
			developmentRegion = en;
			hasScannedForEncodings = 0;
			knownRegions = (
				en,
				Base,
			);
			mainGroup = 201FB1A520288C2B00EC9F36;
			productRefGroup = 201FB1AF20288C2B00EC9F36 /* Products */;
			projectDirPath = "";
			projectRoot = "";
			targets = (
				201FB1AD20288C2B00EC9F36 /* MagicOfWords */,
			);
		};
/* End PBXProject section */

/* Begin PBXResourcesBuildPhase section */
		201FB1AC20288C2B00EC9F36 /* Resources */ = {
			isa = PBXResourcesBuildPhase;
			buildActionMask = 2147483647;
			files = (
				201FB1BD20288C2B00EC9F36 /* Main.storyboard in Resources */,
				201FB1B420288C2B00EC9F36 /* GameScene.sks in Resources */,
				201FB1BF20288C2B00EC9F36 /* Assets.xcassets in Resources */,
				201FB1C220288C2B00EC9F36 /* LaunchScreen.storyboard in Resources */,
				201FB1B620288C2B00EC9F36 /* Actions.sks in Resources */,
			);
			runOnlyForDeploymentPostprocessing = 0;
		};
/* End PBXResourcesBuildPhase section */

/* Begin PBXSourcesBuildPhase section */
		201FB1AA20288C2B00EC9F36 /* Sources */ = {
			isa = PBXSourcesBuildPhase;
			buildActionMask = 2147483647;
			files = (
				201FB1B820288C2B00EC9F36 /* GameScene.swift in Sources */,
				201FB1BA20288C2B00EC9F36 /* GameViewController.swift in Sources */,
				201FB1B220288C2B00EC9F36 /* AppDelegate.swift in Sources */,
			);
			runOnlyForDeploymentPostprocessing = 0;
		};
/* End PBXSourcesBuildPhase section */

/* Begin PBXVariantGroup section */
		201FB1BB20288C2B00EC9F36 /* Main.storyboard */ = {
			isa = PBXVariantGroup;
			children = (
				201FB1BC20288C2B00EC9F36 /* Base */,
			);
			name = Main.storyboard;
			sourceTree = "<group>";
		};
		201FB1C020288C2B00EC9F36 /* LaunchScreen.storyboard */ = {
			isa = PBXVariantGroup;
			children = (
				201FB1C120288C2B00EC9F36 /* Base */,
			);
			name = LaunchScreen.storyboard;
			sourceTree = "<group>";
		};
/* End PBXVariantGroup section */

/* Begin XCBuildConfiguration section */
		201FB1C420288C2B00EC9F36 /* Debug */ = {
			isa = XCBuildConfiguration;
			buildSettings = {
				ALWAYS_SEARCH_USER_PATHS = NO;
				CLANG_ANALYZER_NONNULL = YES;
				CLANG_ANALYZER_NUMBER_OBJECT_CONVERSION = YES_AGGRESSIVE;
				CLANG_CXX_LANGUAGE_STANDARD = "gnu++14";
				CLANG_CXX_LIBRARY = "libc++";
				CLANG_ENABLE_MODULES = YES;
				CLANG_ENABLE_OBJC_ARC = YES;
				CLANG_WARN_BLOCK_CAPTURE_AUTORELEASING = YES;
				CLANG_WARN_BOOL_CONVERSION = YES;
				CLANG_WARN_COMMA = YES;
				CLANG_WARN_CONSTANT_CONVERSION = YES;
				CLANG_WARN_DIRECT_OBJC_ISA_USAGE = YES_ERROR;
				CLANG_WARN_DOCUMENTATION_COMMENTS = YES;
				CLANG_WARN_EMPTY_BODY = YES;
				CLANG_WARN_ENUM_CONVERSION = YES;
				CLANG_WARN_INFINITE_RECURSION = YES;
				CLANG_WARN_INT_CONVERSION = YES;
				CLANG_WARN_NON_LITERAL_NULL_CONVERSION = YES;
				CLANG_WARN_OBJC_LITERAL_CONVERSION = YES;
				CLANG_WARN_OBJC_ROOT_CLASS = YES_ERROR;
				CLANG_WARN_RANGE_LOOP_ANALYSIS = YES;
				CLANG_WARN_STRICT_PROTOTYPES = YES;
				CLANG_WARN_SUSPICIOUS_MOVE = YES;
				CLANG_WARN_UNGUARDED_AVAILABILITY = YES_AGGRESSIVE;
				CLANG_WARN_UNREACHABLE_CODE = YES;
				CLANG_WARN__DUPLICATE_METHOD_MATCH = YES;
				CODE_SIGN_IDENTITY = "iPhone Developer";
				COPY_PHASE_STRIP = NO;
				DEBUG_INFORMATION_FORMAT = dwarf;
				ENABLE_STRICT_OBJC_MSGSEND = YES;
				ENABLE_TESTABILITY = YES;
				GCC_C_LANGUAGE_STANDARD = gnu11;
				GCC_DYNAMIC_NO_PIC = NO;
				GCC_NO_COMMON_BLOCKS = YES;
				GCC_OPTIMIZATION_LEVEL = 0;
				GCC_PREPROCESSOR_DEFINITIONS = (
					"DEBUG=1",
					"$(inherited)",
				);
				GCC_WARN_64_TO_32_BIT_CONVERSION = YES;
				GCC_WARN_ABOUT_RETURN_TYPE = YES_ERROR;
				GCC_WARN_UNDECLARED_SELECTOR = YES;
				GCC_WARN_UNINITIALIZED_AUTOS = YES_AGGRESSIVE;
				GCC_WARN_UNUSED_FUNCTION = YES;
				GCC_WARN_UNUSED_VARIABLE = YES;
				IPHONEOS_DEPLOYMENT_TARGET = 11.2;
				MTL_ENABLE_DEBUG_INFO = YES;
				ONLY_ACTIVE_ARCH = YES;
				SDKROOT = iphoneos;
				SWIFT_ACTIVE_COMPILATION_CONDITIONS = DEBUG;
				SWIFT_OPTIMIZATION_LEVEL = "-Onone";
			};
			name = Debug;
		};
		201FB1C520288C2B00EC9F36 /* Release */ = {
			isa = XCBuildConfiguration;
			buildSettings = {
				ALWAYS_SEARCH_USER_PATHS = NO;
				CLANG_ANALYZER_NONNULL = YES;
				CLANG_ANALYZER_NUMBER_OBJECT_CONVERSION = YES_AGGRESSIVE;
				CLANG_CXX_LANGUAGE_STANDARD = "gnu++14";
				CLANG_CXX_LIBRARY = "libc++";
				CLANG_ENABLE_MODULES = YES;
				CLANG_ENABLE_OBJC_ARC = YES;
				CLANG_WARN_BLOCK_CAPTURE_AUTORELEASING = YES;
				CLANG_WARN_BOOL_CONVERSION = YES;
				CLANG_WARN_COMMA = YES;
				CLANG_WARN_CONSTANT_CONVERSION = YES;
				CLANG_WARN_DIRECT_OBJC_ISA_USAGE = YES_ERROR;
				CLANG_WARN_DOCUMENTATION_COMMENTS = YES;
				CLANG_WARN_EMPTY_BODY = YES;
				CLANG_WARN_ENUM_CONVERSION = YES;
				CLANG_WARN_INFINITE_RECURSION = YES;
				CLANG_WARN_INT_CONVERSION = YES;
				CLANG_WARN_NON_LITERAL_NULL_CONVERSION = YES;
				CLANG_WARN_OBJC_LITERAL_CONVERSION = YES;
				CLANG_WARN_OBJC_ROOT_CLASS = YES_ERROR;
				CLANG_WARN_RANGE_LOOP_ANALYSIS = YES;
				CLANG_WARN_STRICT_PROTOTYPES = YES;
				CLANG_WARN_SUSPICIOUS_MOVE = YES;
				CLANG_WARN_UNGUARDED_AVAILABILITY = YES_AGGRESSIVE;
				CLANG_WARN_UNREACHABLE_CODE = YES;
				CLANG_WARN__DUPLICATE_METHOD_MATCH = YES;
				CODE_SIGN_IDENTITY = "iPhone Developer";
				COPY_PHASE_STRIP = NO;
				DEBUG_INFORMATION_FORMAT = "dwarf-with-dsym";
				ENABLE_NS_ASSERTIONS = NO;
				ENABLE_STRICT_OBJC_MSGSEND = YES;
				GCC_C_LANGUAGE_STANDARD = gnu11;
				GCC_NO_COMMON_BLOCKS = YES;
				GCC_WARN_64_TO_32_BIT_CONVERSION = YES;
				GCC_WARN_ABOUT_RETURN_TYPE = YES_ERROR;
				GCC_WARN_UNDECLARED_SELECTOR = YES;
				GCC_WARN_UNINITIALIZED_AUTOS = YES_AGGRESSIVE;
				GCC_WARN_UNUSED_FUNCTION = YES;
				GCC_WARN_UNUSED_VARIABLE = YES;
				IPHONEOS_DEPLOYMENT_TARGET = 11.2;
				MTL_ENABLE_DEBUG_INFO = NO;
				SDKROOT = iphoneos;
				SWIFT_OPTIMIZATION_LEVEL = "-Owholemodule";
				VALIDATE_PRODUCT = YES;
			};
			name = Release;
		};
		201FB1C720288C2B00EC9F36 /* Debug */ = {
			isa = XCBuildConfiguration;
			buildSettings = {
				ASSETCATALOG_COMPILER_APPICON_NAME = AppIcon;
				CODE_SIGN_STYLE = Automatic;
				DEVELOPMENT_TEAM = WT499VC842;
				INFOPLIST_FILE = MagicOfWords/Info.plist;
				LD_RUNPATH_SEARCH_PATHS = "$(inherited) @executable_path/Frameworks";
				PRODUCT_BUNDLE_IDENTIFIER = JOGAX.MagicOfWords;
				PRODUCT_NAME = "$(TARGET_NAME)";
				SWIFT_VERSION = 4.0;
				TARGETED_DEVICE_FAMILY = "1,2";
			};
			name = Debug;
		};
		201FB1C820288C2B00EC9F36 /* Release */ = {
			isa = XCBuildConfiguration;
			buildSettings = {
				ASSETCATALOG_COMPILER_APPICON_NAME = AppIcon;
				CODE_SIGN_STYLE = Automatic;
				DEVELOPMENT_TEAM = WT499VC842;
				INFOPLIST_FILE = MagicOfWords/Info.plist;
				LD_RUNPATH_SEARCH_PATHS = "$(inherited) @executable_path/Frameworks";
				PRODUCT_BUNDLE_IDENTIFIER = JOGAX.MagicOfWords;
				PRODUCT_NAME = "$(TARGET_NAME)";
				SWIFT_VERSION = 4.0;
				TARGETED_DEVICE_FAMILY = "1,2";
			};
			name = Release;
		};
/* End XCBuildConfiguration section */

/* Begin XCConfigurationList section */
		201FB1A920288C2B00EC9F36 /* Build configuration list for PBXProject "MagicOfWords" */ = {
			isa = XCConfigurationList;
			buildConfigurations = (
				201FB1C420288C2B00EC9F36 /* Debug */,
				201FB1C520288C2B00EC9F36 /* Release */,
			);
			defaultConfigurationIsVisible = 0;
			defaultConfigurationName = Release;
		};
		201FB1C620288C2B00EC9F36 /* Build configuration list for PBXNativeTarget "MagicOfWords" */ = {
			isa = XCConfigurationList;
			buildConfigurations = (
				201FB1C720288C2B00EC9F36 /* Debug */,
				201FB1C820288C2B00EC9F36 /* Release */,
			);
			defaultConfigurationIsVisible = 0;
			defaultConfigurationName = Release;
		};
/* End XCConfigurationList section */
	};
	rootObject = 201FB1A620288C2B00EC9F36 /* Project object */;
}
