// !$*UTF8*$!
{
	archiveVersion = 1;
	classes = {
	};
	objectVersion = 48;
	objects = {

/* Begin PBXBuildFile section */
		201FB1B220288C2B00EC9F36 /* AppDelegate.swift in Sources */ = {isa = PBXBuildFile; fileRef = 201FB1B120288C2B00EC9F36 /* AppDelegate.swift */; };
		201FB1BD20288C2B00EC9F36 /* Main.storyboard in Resources */ = {isa = PBXBuildFile; fileRef = 201FB1BB20288C2B00EC9F36 /* Main.storyboard */; };
		201FB1BF20288C2B00EC9F36 /* Assets.xcassets in Resources */ = {isa = PBXBuildFile; fileRef = 201FB1BE20288C2B00EC9F36 /* Assets.xcassets */; };
		201FB1C220288C2B00EC9F36 /* LaunchScreen.storyboard in Resources */ = {isa = PBXBuildFile; fileRef = 201FB1C020288C2B00EC9F36 /* LaunchScreen.storyboard */; };
		201FB1D520288CEA00EC9F36 /* MyGlobals.swift in Sources */ = {isa = PBXBuildFile; fileRef = 201FB1C920288CE900EC9F36 /* MyGlobals.swift */; };
		201FB1D620288CEA00EC9F36 /* MainViewController.swift in Sources */ = {isa = PBXBuildFile; fileRef = 201FB1CA20288CE900EC9F36 /* MainViewController.swift */; };
		201FB1D720288CEA00EC9F36 /* ru.swift in Sources */ = {isa = PBXBuildFile; fileRef = 201FB1CB20288CEA00EC9F36 /* ru.swift */; };
		201FB1D820288CEA00EC9F36 /* MyFunctions.swift in Sources */ = {isa = PBXBuildFile; fileRef = 201FB1CC20288CEA00EC9F36 /* MyFunctions.swift */; };
		201FB1D920288CEA00EC9F36 /* WordListModel.swift in Sources */ = {isa = PBXBuildFile; fileRef = 201FB1CD20288CEA00EC9F36 /* WordListModel.swift */; };
		201FB1DA20288CEA00EC9F36 /* hu.swift in Sources */ = {isa = PBXBuildFile; fileRef = 201FB1CE20288CEA00EC9F36 /* hu.swift */; };
		201FB1DB20288CEA00EC9F36 /* Extensions.swift in Sources */ = {isa = PBXBuildFile; fileRef = 201FB1CF20288CEA00EC9F36 /* Extensions.swift */; };
		201FB1DC20288CEA00EC9F36 /* GameTypeScene.swift in Sources */ = {isa = PBXBuildFile; fileRef = 201FB1D020288CEA00EC9F36 /* GameTypeScene.swift */; };
		201FB1DD20288CEA00EC9F36 /* MenuScene.swift in Sources */ = {isa = PBXBuildFile; fileRef = 201FB1D120288CEA00EC9F36 /* MenuScene.swift */; };
		201FB1DE20288CEA00EC9F36 /* en.swift in Sources */ = {isa = PBXBuildFile; fileRef = 201FB1D220288CEA00EC9F36 /* en.swift */; };
		201FB1DF20288CEA00EC9F36 /* de.swift in Sources */ = {isa = PBXBuildFile; fileRef = 201FB1D320288CEA00EC9F36 /* de.swift */; };
		201FB1E020288CEA00EC9F36 /* Language.swift in Sources */ = {isa = PBXBuildFile; fileRef = 201FB1D420288CEA00EC9F36 /* Language.swift */; };
		201FB1E2202891C300EC9F36 /* Realm.framework in Frameworks */ = {isa = PBXBuildFile; fileRef = 201FB1E1202891C300EC9F36 /* Realm.framework */; };
		201FB1E3202891C300EC9F36 /* Realm.framework in Embed Frameworks */ = {isa = PBXBuildFile; fileRef = 201FB1E1202891C300EC9F36 /* Realm.framework */; settings = {ATTRIBUTES = (CodeSignOnCopy, RemoveHeadersOnCopy, ); }; };
		201FB1E6202891C900EC9F36 /* RealmSwift.framework in Frameworks */ = {isa = PBXBuildFile; fileRef = 201FB1E5202891C900EC9F36 /* RealmSwift.framework */; };
		201FB1E7202891C900EC9F36 /* RealmSwift.framework in Embed Frameworks */ = {isa = PBXBuildFile; fileRef = 201FB1E5202891C900EC9F36 /* RealmSwift.framework */; settings = {ATTRIBUTES = (CodeSignOnCopy, RemoveHeadersOnCopy, ); }; };
		204A8AD82029DDFF00E9C11F /* huWords.txt in Resources */ = {isa = PBXBuildFile; fileRef = 204A8AD72029DDFF00E9C11F /* huWords.txt */; };
		204A8ADA2029EE6000E9C11F /* WTScene.swift in Sources */ = {isa = PBXBuildFile; fileRef = 204A8AD92029EE6000E9C11F /* WTScene.swift */; };
		204AEB39205D1F47004D2ECD /* WTGameFinished.swift in Sources */ = {isa = PBXBuildFile; fileRef = 204AEB38205D1F47004D2ECD /* WTGameFinished.swift */; };
		205184F5206150AC00E7FAF4 /* ruGameData.txt in Resources */ = {isa = PBXBuildFile; fileRef = 205184F4206150AC00E7FAF4 /* ruGameData.txt */; };
		205184F72061525C00E7FAF4 /* huGameData.txt in Resources */ = {isa = PBXBuildFile; fileRef = 205184F62061525C00E7FAF4 /* huGameData.txt */; };
		205184F920615B3100E7FAF4 /* deGameData.txt in Resources */ = {isa = PBXBuildFile; fileRef = 205184F820615B3100E7FAF4 /* deGameData.txt */; };
		205184FB20615B5C00E7FAF4 /* enGameData.txt in Resources */ = {isa = PBXBuildFile; fileRef = 205184FA20615B5C00E7FAF4 /* enGameData.txt */; };
		20531F6C20518C8400B3F097 /* SaveGameModel.swift in Sources */ = {isa = PBXBuildFile; fileRef = 20531F6B20518C8400B3F097 /* SaveGameModel.swift */; };
		2057BA282029F57B000DF337 /* StoreKit.framework in Frameworks */ = {isa = PBXBuildFile; fileRef = 2057BA272029F57B000DF337 /* StoreKit.framework */; };
		2057BA2A2029F591000DF337 /* GameKit.framework in Frameworks */ = {isa = PBXBuildFile; fileRef = 2057BA292029F591000DF337 /* GameKit.framework */; };
		2057BA2C202A0006000DF337 /* ChoosePackageScene.swift in Sources */ = {isa = PBXBuildFile; fileRef = 2057BA2B202A0006000DF337 /* ChoosePackageScene.swift */; };
		2060036E20347FF400023E10 /* WTGameboardItem.swift in Sources */ = {isa = PBXBuildFile; fileRef = 2060036D20347FF400023E10 /* WTGameboardItem.swift */; };
		2060037020348A8800023E10 /* Grid.swift in Sources */ = {isa = PBXBuildFile; fileRef = 2060036F20348A8800023E10 /* Grid.swift */; };
		20819320202B472900406D9A /* GameDataModel.swift in Sources */ = {isa = PBXBuildFile; fileRef = 2081931F202B472900406D9A /* GameDataModel.swift */; };
		20819322202B484D00406D9A /* gameData.txt in Resources */ = {isa = PBXBuildFile; fileRef = 20819321202B484D00406D9A /* gameData.txt */; };
		20819324202B4A7100406D9A /* GenerateGameData.swift in Sources */ = {isa = PBXBuildFile; fileRef = 20819323202B4A7100406D9A /* GenerateGameData.swift */; };
		20842DE62031EA910078FFDA /* ruWords.txt in Resources */ = {isa = PBXBuildFile; fileRef = 20842DE52031EA910078FFDA /* ruWords.txt */; };
		2087AC0E202C86FF008DEF26 /* LoadingScene.swift in Sources */ = {isa = PBXBuildFile; fileRef = 2087AC0D202C86FF008DEF26 /* LoadingScene.swift */; };
		2098BB8E20601B0B00C3641B /* magier.png in Resources */ = {isa = PBXBuildFile; fileRef = 2098BB8D20601B0B00C3641B /* magier.png */; };
		20A604B32035D93A00DC48F0 /* MyRandom.swift in Sources */ = {isa = PBXBuildFile; fileRef = 20A604B22035D93A00DC48F0 /* MyRandom.swift */; };
		20A6913D203088FF00AB47C0 /* enWords.txt in Resources */ = {isa = PBXBuildFile; fileRef = 20A6913C203088FF00AB47C0 /* enWords.txt */; };
		20A6914020309B9F00AB47C0 /* WTPiece.swift in Sources */ = {isa = PBXBuildFile; fileRef = 20A6913F20309B9F00AB47C0 /* WTPiece.swift */; };
		20A6914220309CC500AB47C0 /* WTGamebord.swift in Sources */ = {isa = PBXBuildFile; fileRef = 20A6914120309CC500AB47C0 /* WTGamebord.swift */; };
		20B28AE020330C64001682B2 /* deWords.txt in Resources */ = {isa = PBXBuildFile; fileRef = 20B28ADF20330C64001682B2 /* deWords.txt */; };
		20B28AE220330E73001682B2 /* BasicDataModel.swift in Sources */ = {isa = PBXBuildFile; fileRef = 20B28AE120330E73001682B2 /* BasicDataModel.swift */; };
		20B28AE4203331B4001682B2 /* GameTypeModel.swift in Sources */ = {isa = PBXBuildFile; fileRef = 20B28AE3203331B4001682B2 /* GameTypeModel.swift */; };
		20B28AE620333273001682B2 /* WTShowGameList.swift in Sources */ = {isa = PBXBuildFile; fileRef = 20B28AE520333273001682B2 /* WTShowGameList.swift */; };
/* End PBXBuildFile section */

/* Begin PBXCopyFilesBuildPhase section */
		201FB1E4202891C300EC9F36 /* Embed Frameworks */ = {
			isa = PBXCopyFilesBuildPhase;
			buildActionMask = 2147483647;
			dstPath = "";
			dstSubfolderSpec = 10;
			files = (
				201FB1E7202891C900EC9F36 /* RealmSwift.framework in Embed Frameworks */,
				201FB1E3202891C300EC9F36 /* Realm.framework in Embed Frameworks */,
			);
			name = "Embed Frameworks";
			runOnlyForDeploymentPostprocessing = 0;
		};
/* End PBXCopyFilesBuildPhase section */

/* Begin PBXFileReference section */
		201FB1AE20288C2B00EC9F36 /* MagicOfWords.app */ = {isa = PBXFileReference; explicitFileType = wrapper.application; includeInIndex = 0; path = MagicOfWords.app; sourceTree = BUILT_PRODUCTS_DIR; };
		201FB1B120288C2B00EC9F36 /* AppDelegate.swift */ = {isa = PBXFileReference; lastKnownFileType = sourcecode.swift; path = AppDelegate.swift; sourceTree = "<group>"; };
		201FB1BC20288C2B00EC9F36 /* Base */ = {isa = PBXFileReference; lastKnownFileType = file.storyboard; name = Base; path = Base.lproj/Main.storyboard; sourceTree = "<group>"; };
		201FB1BE20288C2B00EC9F36 /* Assets.xcassets */ = {isa = PBXFileReference; lastKnownFileType = folder.assetcatalog; path = Assets.xcassets; sourceTree = "<group>"; };
		201FB1C120288C2B00EC9F36 /* Base */ = {isa = PBXFileReference; lastKnownFileType = file.storyboard; name = Base; path = Base.lproj/LaunchScreen.storyboard; sourceTree = "<group>"; };
		201FB1C320288C2B00EC9F36 /* Info.plist */ = {isa = PBXFileReference; lastKnownFileType = text.plist.xml; path = Info.plist; sourceTree = "<group>"; };
		201FB1C920288CE900EC9F36 /* MyGlobals.swift */ = {isa = PBXFileReference; fileEncoding = 4; lastKnownFileType = sourcecode.swift; path = MyGlobals.swift; sourceTree = "<group>"; };
		201FB1CA20288CE900EC9F36 /* MainViewController.swift */ = {isa = PBXFileReference; fileEncoding = 4; lastKnownFileType = sourcecode.swift; path = MainViewController.swift; sourceTree = "<group>"; };
		201FB1CB20288CEA00EC9F36 /* ru.swift */ = {isa = PBXFileReference; fileEncoding = 4; lastKnownFileType = sourcecode.swift; path = ru.swift; sourceTree = "<group>"; };
		201FB1CC20288CEA00EC9F36 /* MyFunctions.swift */ = {isa = PBXFileReference; fileEncoding = 4; lastKnownFileType = sourcecode.swift; path = MyFunctions.swift; sourceTree = "<group>"; };
		201FB1CD20288CEA00EC9F36 /* WordListModel.swift */ = {isa = PBXFileReference; fileEncoding = 4; lastKnownFileType = sourcecode.swift; path = WordListModel.swift; sourceTree = "<group>"; };
		201FB1CE20288CEA00EC9F36 /* hu.swift */ = {isa = PBXFileReference; fileEncoding = 4; lastKnownFileType = sourcecode.swift; path = hu.swift; sourceTree = "<group>"; };
		201FB1CF20288CEA00EC9F36 /* Extensions.swift */ = {isa = PBXFileReference; fileEncoding = 4; lastKnownFileType = sourcecode.swift; path = Extensions.swift; sourceTree = "<group>"; };
		201FB1D020288CEA00EC9F36 /* GameTypeScene.swift */ = {isa = PBXFileReference; fileEncoding = 4; lastKnownFileType = sourcecode.swift; path = GameTypeScene.swift; sourceTree = "<group>"; };
		201FB1D120288CEA00EC9F36 /* MenuScene.swift */ = {isa = PBXFileReference; fileEncoding = 4; lastKnownFileType = sourcecode.swift; path = MenuScene.swift; sourceTree = "<group>"; };
		201FB1D220288CEA00EC9F36 /* en.swift */ = {isa = PBXFileReference; fileEncoding = 4; lastKnownFileType = sourcecode.swift; path = en.swift; sourceTree = "<group>"; };
		201FB1D320288CEA00EC9F36 /* de.swift */ = {isa = PBXFileReference; fileEncoding = 4; lastKnownFileType = sourcecode.swift; path = de.swift; sourceTree = "<group>"; };
		201FB1D420288CEA00EC9F36 /* Language.swift */ = {isa = PBXFileReference; fileEncoding = 4; lastKnownFileType = sourcecode.swift; path = Language.swift; sourceTree = "<group>"; };
		201FB1E1202891C300EC9F36 /* Realm.framework */ = {isa = PBXFileReference; lastKnownFileType = wrapper.framework; name = Realm.framework; path = Carthage/Build/iOS/Realm.framework; sourceTree = "<group>"; };
		201FB1E5202891C900EC9F36 /* RealmSwift.framework */ = {isa = PBXFileReference; lastKnownFileType = wrapper.framework; name = RealmSwift.framework; path = Carthage/Build/iOS/RealmSwift.framework; sourceTree = "<group>"; };
		204A8AD72029DDFF00E9C11F /* huWords.txt */ = {isa = PBXFileReference; lastKnownFileType = text; path = huWords.txt; sourceTree = "<group>"; };
		204A8AD92029EE6000E9C11F /* WTScene.swift */ = {isa = PBXFileReference; lastKnownFileType = sourcecode.swift; path = WTScene.swift; sourceTree = "<group>"; };
		204AEB38205D1F47004D2ECD /* WTGameFinished.swift */ = {isa = PBXFileReference; lastKnownFileType = sourcecode.swift; path = WTGameFinished.swift; sourceTree = "<group>"; };
		205184F4206150AC00E7FAF4 /* ruGameData.txt */ = {isa = PBXFileReference; lastKnownFileType = text; path = ruGameData.txt; sourceTree = "<group>"; };
		205184F62061525C00E7FAF4 /* huGameData.txt */ = {isa = PBXFileReference; lastKnownFileType = text; path = huGameData.txt; sourceTree = "<group>"; };
		205184F820615B3100E7FAF4 /* deGameData.txt */ = {isa = PBXFileReference; lastKnownFileType = text; path = deGameData.txt; sourceTree = "<group>"; };
		205184FA20615B5C00E7FAF4 /* enGameData.txt */ = {isa = PBXFileReference; lastKnownFileType = text; path = enGameData.txt; sourceTree = "<group>"; };
		20531F6B20518C8400B3F097 /* SaveGameModel.swift */ = {isa = PBXFileReference; lastKnownFileType = sourcecode.swift; path = SaveGameModel.swift; sourceTree = "<group>"; };
		2057BA272029F57B000DF337 /* StoreKit.framework */ = {isa = PBXFileReference; lastKnownFileType = wrapper.framework; name = StoreKit.framework; path = System/Library/Frameworks/StoreKit.framework; sourceTree = SDKROOT; };
		2057BA292029F591000DF337 /* GameKit.framework */ = {isa = PBXFileReference; lastKnownFileType = wrapper.framework; name = GameKit.framework; path = System/Library/Frameworks/GameKit.framework; sourceTree = SDKROOT; };
		2057BA2B202A0006000DF337 /* ChoosePackageScene.swift */ = {isa = PBXFileReference; lastKnownFileType = sourcecode.swift; path = ChoosePackageScene.swift; sourceTree = "<group>"; };
		2060036D20347FF400023E10 /* WTGameboardItem.swift */ = {isa = PBXFileReference; lastKnownFileType = sourcecode.swift; path = WTGameboardItem.swift; sourceTree = "<group>"; };
		2060036F20348A8800023E10 /* Grid.swift */ = {isa = PBXFileReference; lastKnownFileType = sourcecode.swift; path = Grid.swift; sourceTree = "<group>"; };
		2081931F202B472900406D9A /* GameDataModel.swift */ = {isa = PBXFileReference; lastKnownFileType = sourcecode.swift; path = GameDataModel.swift; sourceTree = "<group>"; };
		20819321202B484D00406D9A /* gameData.txt */ = {isa = PBXFileReference; lastKnownFileType = text; path = gameData.txt; sourceTree = "<group>"; };
		20819323202B4A7100406D9A /* GenerateGameData.swift */ = {isa = PBXFileReference; lastKnownFileType = sourcecode.swift; path = GenerateGameData.swift; sourceTree = "<group>"; };
		20842DE52031EA910078FFDA /* ruWords.txt */ = {isa = PBXFileReference; lastKnownFileType = text; path = ruWords.txt; sourceTree = "<group>"; };
		2087AC0D202C86FF008DEF26 /* LoadingScene.swift */ = {isa = PBXFileReference; lastKnownFileType = sourcecode.swift; path = LoadingScene.swift; sourceTree = "<group>"; };
		2098BB8D20601B0B00C3641B /* magier.png */ = {isa = PBXFileReference; lastKnownFileType = image.png; name = magier.png; path = MagicOfWords/Pictures/magier.png; sourceTree = SOURCE_ROOT; };
		20A604B22035D93A00DC48F0 /* MyRandom.swift */ = {isa = PBXFileReference; lastKnownFileType = sourcecode.swift; path = MyRandom.swift; sourceTree = "<group>"; };
		20A6913C203088FF00AB47C0 /* enWords.txt */ = {isa = PBXFileReference; lastKnownFileType = text; path = enWords.txt; sourceTree = "<group>"; };
		20A6913F20309B9F00AB47C0 /* WTPiece.swift */ = {isa = PBXFileReference; lastKnownFileType = sourcecode.swift; path = WTPiece.swift; sourceTree = "<group>"; };
		20A6914120309CC500AB47C0 /* WTGamebord.swift */ = {isa = PBXFileReference; lastKnownFileType = sourcecode.swift; path = WTGamebord.swift; sourceTree = "<group>"; };
		20B28ADF20330C64001682B2 /* deWords.txt */ = {isa = PBXFileReference; lastKnownFileType = text; path = deWords.txt; sourceTree = "<group>"; };
		20B28AE120330E73001682B2 /* BasicDataModel.swift */ = {isa = PBXFileReference; lastKnownFileType = sourcecode.swift; path = BasicDataModel.swift; sourceTree = "<group>"; };
		20B28AE3203331B4001682B2 /* GameTypeModel.swift */ = {isa = PBXFileReference; lastKnownFileType = sourcecode.swift; path = GameTypeModel.swift; sourceTree = "<group>"; };
		20B28AE520333273001682B2 /* WTShowGameList.swift */ = {isa = PBXFileReference; lastKnownFileType = sourcecode.swift; path = WTShowGameList.swift; sourceTree = "<group>"; };
/* End PBXFileReference section */

/* Begin PBXFrameworksBuildPhase section */
		201FB1AB20288C2B00EC9F36 /* Frameworks */ = {
			isa = PBXFrameworksBuildPhase;
			buildActionMask = 2147483647;
			files = (
				2057BA282029F57B000DF337 /* StoreKit.framework in Frameworks */,
				201FB1E6202891C900EC9F36 /* RealmSwift.framework in Frameworks */,
				201FB1E2202891C300EC9F36 /* Realm.framework in Frameworks */,
				2057BA2A2029F591000DF337 /* GameKit.framework in Frameworks */,
			);
			runOnlyForDeploymentPostprocessing = 0;
		};
/* End PBXFrameworksBuildPhase section */

/* Begin PBXGroup section */
		201FB1A520288C2B00EC9F36 = {
			isa = PBXGroup;
			children = (
				201FB1E5202891C900EC9F36 /* RealmSwift.framework */,
				201FB1E1202891C300EC9F36 /* Realm.framework */,
				201FB1B020288C2B00EC9F36 /* MagicOfWords */,
				201FB1AF20288C2B00EC9F36 /* Products */,
				2057BA262029F57B000DF337 /* Frameworks */,
			);
			sourceTree = "<group>";
		};
		201FB1AF20288C2B00EC9F36 /* Products */ = {
			isa = PBXGroup;
			children = (
				201FB1AE20288C2B00EC9F36 /* MagicOfWords.app */,
			);
			name = Products;
			sourceTree = "<group>";
		};
		201FB1B020288C2B00EC9F36 /* MagicOfWords */ = {
			isa = PBXGroup;
			children = (
				201FB1CF20288CEA00EC9F36 /* Extensions.swift */,
				201FB1CA20288CE900EC9F36 /* MainViewController.swift */,
				201FB1CC20288CEA00EC9F36 /* MyFunctions.swift */,
				201FB1C920288CE900EC9F36 /* MyGlobals.swift */,
				20A604B22035D93A00DC48F0 /* MyRandom.swift */,
				201FB1B120288C2B00EC9F36 /* AppDelegate.swift */,
				201FB1BB20288C2B00EC9F36 /* Main.storyboard */,
				201FB1BE20288C2B00EC9F36 /* Assets.xcassets */,
				201FB1C020288C2B00EC9F36 /* LaunchScreen.storyboard */,
				201FB1C320288C2B00EC9F36 /* Info.plist */,
				20A6913E20309B2200AB47C0 /* WordTrisClassen */,
				201FB1E92028940D00EC9F36 /* Scenes */,
				20587FAF205A6D9F008C018A /* Pictures */,
				201FB1E8202893E500EC9F36 /* Language */,
				201FB1EA20289CEC00EC9F36 /* RealmModels */,
			);
			path = MagicOfWords;
			sourceTree = "<group>";
		};
		201FB1E8202893E500EC9F36 /* Language */ = {
			isa = PBXGroup;
			children = (
				201FB1D420288CEA00EC9F36 /* Language.swift */,
				201FB1D220288CEA00EC9F36 /* en.swift */,
				201FB1D320288CEA00EC9F36 /* de.swift */,
				201FB1CE20288CEA00EC9F36 /* hu.swift */,
				201FB1CB20288CEA00EC9F36 /* ru.swift */,
			);
			path = Language;
			sourceTree = "<group>";
		};
		201FB1E92028940D00EC9F36 /* Scenes */ = {
			isa = PBXGroup;
			children = (
				201FB1D120288CEA00EC9F36 /* MenuScene.swift */,
				2087AC0D202C86FF008DEF26 /* LoadingScene.swift */,
				201FB1D020288CEA00EC9F36 /* GameTypeScene.swift */,
				2057BA2B202A0006000DF337 /* ChoosePackageScene.swift */,
			);
			path = Scenes;
			sourceTree = "<group>";
		};
		201FB1EA20289CEC00EC9F36 /* RealmModels */ = {
			isa = PBXGroup;
			children = (
				201FB1CD20288CEA00EC9F36 /* WordListModel.swift */,
				2081931F202B472900406D9A /* GameDataModel.swift */,
				20B28AE120330E73001682B2 /* BasicDataModel.swift */,
				20B28AE3203331B4001682B2 /* GameTypeModel.swift */,
				20A6913C203088FF00AB47C0 /* enWords.txt */,
				20B28ADF20330C64001682B2 /* deWords.txt */,
				204A8AD72029DDFF00E9C11F /* huWords.txt */,
				20842DE52031EA910078FFDA /* ruWords.txt */,
				20819321202B484D00406D9A /* gameData.txt */,
				205184F820615B3100E7FAF4 /* deGameData.txt */,
				205184FA20615B5C00E7FAF4 /* enGameData.txt */,
				205184F62061525C00E7FAF4 /* huGameData.txt */,
				205184F4206150AC00E7FAF4 /* ruGameData.txt */,
				20819323202B4A7100406D9A /* GenerateGameData.swift */,
				20531F6B20518C8400B3F097 /* SaveGameModel.swift */,
			);
			path = RealmModels;
			sourceTree = "<group>";
		};
		2057BA262029F57B000DF337 /* Frameworks */ = {
			isa = PBXGroup;
			children = (
				2057BA292029F591000DF337 /* GameKit.framework */,
				2057BA272029F57B000DF337 /* StoreKit.framework */,
			);
			name = Frameworks;
			sourceTree = "<group>";
		};
		20587FAF205A6D9F008C018A /* Pictures */ = {
			isa = PBXGroup;
			children = (
				2098BB8D20601B0B00C3641B /* magier.png */,
			);
			path = Pictures;
			sourceTree = "<group>";
		};
		20A6913E20309B2200AB47C0 /* WordTrisClassen */ = {
			isa = PBXGroup;
			children = (
				2060036F20348A8800023E10 /* Grid.swift */,
				20B28AE520333273001682B2 /* WTShowGameList.swift */,
				204A8AD92029EE6000E9C11F /* WTScene.swift */,
				204AEB38205D1F47004D2ECD /* WTGameFinished.swift */,
				20A6913F20309B9F00AB47C0 /* WTPiece.swift */,
				20A6914120309CC500AB47C0 /* WTGamebord.swift */,
				2060036D20347FF400023E10 /* WTGameboardItem.swift */,
			);
			path = WordTrisClassen;
			sourceTree = "<group>";
		};
/* End PBXGroup section */

/* Begin PBXNativeTarget section */
		201FB1AD20288C2B00EC9F36 /* MagicOfWords */ = {
			isa = PBXNativeTarget;
			buildConfigurationList = 201FB1C620288C2B00EC9F36 /* Build configuration list for PBXNativeTarget "MagicOfWords" */;
			buildPhases = (
				201FB1AA20288C2B00EC9F36 /* Sources */,
				201FB1AB20288C2B00EC9F36 /* Frameworks */,
				201FB1AC20288C2B00EC9F36 /* Resources */,
				201FB1E4202891C300EC9F36 /* Embed Frameworks */,
			);
			buildRules = (
			);
			dependencies = (
			);
			name = MagicOfWords;
			productName = MagicOfWords;
			productReference = 201FB1AE20288C2B00EC9F36 /* MagicOfWords.app */;
			productType = "com.apple.product-type.application";
		};
/* End PBXNativeTarget section */

/* Begin PBXProject section */
		201FB1A620288C2B00EC9F36 /* Project object */ = {
			isa = PBXProject;
			attributes = {
				LastSwiftUpdateCheck = 0920;
				LastUpgradeCheck = 0920;
				ORGANIZATIONNAME = "Jozsef Romhanyi";
				TargetAttributes = {
					201FB1AD20288C2B00EC9F36 = {
						CreatedOnToolsVersion = 9.2;
						ProvisioningStyle = Automatic;
						SystemCapabilities = {
							com.apple.GameCenter = {
								enabled = 1;
							};
							com.apple.InAppPurchase = {
								enabled = 1;
							};
						};
					};
				};
			};
			buildConfigurationList = 201FB1A920288C2B00EC9F36 /* Build configuration list for PBXProject "MagicOfWords" */;
			compatibilityVersion = "Xcode 8.0";
			developmentRegion = en;
			hasScannedForEncodings = 0;
			knownRegions = (
				en,
				Base,
			);
			mainGroup = 201FB1A520288C2B00EC9F36;
			productRefGroup = 201FB1AF20288C2B00EC9F36 /* Products */;
			projectDirPath = "";
			projectRoot = "";
			targets = (
				201FB1AD20288C2B00EC9F36 /* MagicOfWords */,
			);
		};
/* End PBXProject section */

/* Begin PBXResourcesBuildPhase section */
		201FB1AC20288C2B00EC9F36 /* Resources */ = {
			isa = PBXResourcesBuildPhase;
			buildActionMask = 2147483647;
			files = (
				20819322202B484D00406D9A /* gameData.txt in Resources */,
				205184F920615B3100E7FAF4 /* deGameData.txt in Resources */,
				20842DE62031EA910078FFDA /* ruWords.txt in Resources */,
				20B28AE020330C64001682B2 /* deWords.txt in Resources */,
				20A6913D203088FF00AB47C0 /* enWords.txt in Resources */,
				205184F72061525C00E7FAF4 /* huGameData.txt in Resources */,
				201FB1BD20288C2B00EC9F36 /* Main.storyboard in Resources */,
				2098BB8E20601B0B00C3641B /* magier.png in Resources */,
				204A8AD82029DDFF00E9C11F /* huWords.txt in Resources */,
				205184F5206150AC00E7FAF4 /* ruGameData.txt in Resources */,
				201FB1BF20288C2B00EC9F36 /* Assets.xcassets in Resources */,
				205184FB20615B5C00E7FAF4 /* enGameData.txt in Resources */,
				201FB1C220288C2B00EC9F36 /* LaunchScreen.storyboard in Resources */,
			);
			runOnlyForDeploymentPostprocessing = 0;
		};
/* End PBXResourcesBuildPhase section */

/* Begin PBXSourcesBuildPhase section */
		201FB1AA20288C2B00EC9F36 /* Sources */ = {
			isa = PBXSourcesBuildPhase;
			buildActionMask = 2147483647;
			files = (
				20A6914020309B9F00AB47C0 /* WTPiece.swift in Sources */,
				201FB1D520288CEA00EC9F36 /* MyGlobals.swift in Sources */,
				2087AC0E202C86FF008DEF26 /* LoadingScene.swift in Sources */,
				201FB1DF20288CEA00EC9F36 /* de.swift in Sources */,
				201FB1DC20288CEA00EC9F36 /* GameTypeScene.swift in Sources */,
				20531F6C20518C8400B3F097 /* SaveGameModel.swift in Sources */,
				20819320202B472900406D9A /* GameDataModel.swift in Sources */,
				201FB1B220288C2B00EC9F36 /* AppDelegate.swift in Sources */,
				201FB1E020288CEA00EC9F36 /* Language.swift in Sources */,
				20B28AE4203331B4001682B2 /* GameTypeModel.swift in Sources */,
				20A6914220309CC500AB47C0 /* WTGamebord.swift in Sources */,
				2057BA2C202A0006000DF337 /* ChoosePackageScene.swift in Sources */,
				201FB1DE20288CEA00EC9F36 /* en.swift in Sources */,
				201FB1DA20288CEA00EC9F36 /* hu.swift in Sources */,
				2060036E20347FF400023E10 /* WTGameboardItem.swift in Sources */,
				20A604B32035D93A00DC48F0 /* MyRandom.swift in Sources */,
				201FB1DB20288CEA00EC9F36 /* Extensions.swift in Sources */,
				201FB1D720288CEA00EC9F36 /* ru.swift in Sources */,
				204AEB39205D1F47004D2ECD /* WTGameFinished.swift in Sources */,
				20B28AE220330E73001682B2 /* BasicDataModel.swift in Sources */,
				20B28AE620333273001682B2 /* WTShowGameList.swift in Sources */,
				2060037020348A8800023E10 /* Grid.swift in Sources */,
				20819324202B4A7100406D9A /* GenerateGameData.swift in Sources */,
				201FB1D620288CEA00EC9F36 /* MainViewController.swift in Sources */,
				201FB1DD20288CEA00EC9F36 /* MenuScene.swift in Sources */,
				201FB1D820288CEA00EC9F36 /* MyFunctions.swift in Sources */,
				204A8ADA2029EE6000E9C11F /* WTScene.swift in Sources */,
				201FB1D920288CEA00EC9F36 /* WordListModel.swift in Sources */,
			);
			runOnlyForDeploymentPostprocessing = 0;
		};
/* End PBXSourcesBuildPhase section */

/* Begin PBXVariantGroup section */
		201FB1BB20288C2B00EC9F36 /* Main.storyboard */ = {
			isa = PBXVariantGroup;
			children = (
				201FB1BC20288C2B00EC9F36 /* Base */,
			);
			name = Main.storyboard;
			sourceTree = "<group>";
		};
		201FB1C020288C2B00EC9F36 /* LaunchScreen.storyboard */ = {
			isa = PBXVariantGroup;
			children = (
				201FB1C120288C2B00EC9F36 /* Base */,
			);
			name = LaunchScreen.storyboard;
			sourceTree = "<group>";
		};
/* End PBXVariantGroup section */

/* Begin XCBuildConfiguration section */
		201FB1C420288C2B00EC9F36 /* Debug */ = {
			isa = XCBuildConfiguration;
			buildSettings = {
				ALWAYS_SEARCH_USER_PATHS = NO;
				CLANG_ANALYZER_NONNULL = YES;
				CLANG_ANALYZER_NUMBER_OBJECT_CONVERSION = YES_AGGRESSIVE;
				CLANG_CXX_LANGUAGE_STANDARD = "gnu++14";
				CLANG_CXX_LIBRARY = "libc++";
				CLANG_ENABLE_MODULES = YES;
				CLANG_ENABLE_OBJC_ARC = YES;
				CLANG_WARN_BLOCK_CAPTURE_AUTORELEASING = YES;
				CLANG_WARN_BOOL_CONVERSION = YES;
				CLANG_WARN_COMMA = YES;
				CLANG_WARN_CONSTANT_CONVERSION = YES;
				CLANG_WARN_DIRECT_OBJC_ISA_USAGE = YES_ERROR;
				CLANG_WARN_DOCUMENTATION_COMMENTS = YES;
				CLANG_WARN_EMPTY_BODY = YES;
				CLANG_WARN_ENUM_CONVERSION = YES;
				CLANG_WARN_INFINITE_RECURSION = YES;
				CLANG_WARN_INT_CONVERSION = YES;
				CLANG_WARN_NON_LITERAL_NULL_CONVERSION = YES;
				CLANG_WARN_OBJC_LITERAL_CONVERSION = YES;
				CLANG_WARN_OBJC_ROOT_CLASS = YES_ERROR;
				CLANG_WARN_RANGE_LOOP_ANALYSIS = YES;
				CLANG_WARN_STRICT_PROTOTYPES = YES;
				CLANG_WARN_SUSPICIOUS_MOVE = YES;
				CLANG_WARN_UNGUARDED_AVAILABILITY = YES_AGGRESSIVE;
				CLANG_WARN_UNREACHABLE_CODE = YES;
				CLANG_WARN__DUPLICATE_METHOD_MATCH = YES;
				CODE_SIGN_IDENTITY = "iPhone Developer";
				COPY_PHASE_STRIP = NO;
				DEBUG_INFORMATION_FORMAT = dwarf;
				ENABLE_STRICT_OBJC_MSGSEND = YES;
				ENABLE_TESTABILITY = YES;
				GCC_C_LANGUAGE_STANDARD = gnu11;
				GCC_DYNAMIC_NO_PIC = NO;
				GCC_NO_COMMON_BLOCKS = YES;
				GCC_OPTIMIZATION_LEVEL = 0;
				GCC_PREPROCESSOR_DEFINITIONS = (
					"DEBUG=1",
					"$(inherited)",
				);
				GCC_WARN_64_TO_32_BIT_CONVERSION = YES;
				GCC_WARN_ABOUT_RETURN_TYPE = YES_ERROR;
				GCC_WARN_UNDECLARED_SELECTOR = YES;
				GCC_WARN_UNINITIALIZED_AUTOS = YES_AGGRESSIVE;
				GCC_WARN_UNUSED_FUNCTION = YES;
				GCC_WARN_UNUSED_VARIABLE = YES;
				IPHONEOS_DEPLOYMENT_TARGET = 11.2;
				MTL_ENABLE_DEBUG_INFO = YES;
				ONLY_ACTIVE_ARCH = YES;
				SDKROOT = iphoneos;
				SWIFT_ACTIVE_COMPILATION_CONDITIONS = DEBUG;
				SWIFT_OPTIMIZATION_LEVEL = "-Onone";
			};
			name = Debug;
		};
		201FB1C520288C2B00EC9F36 /* Release */ = {
			isa = XCBuildConfiguration;
			buildSettings = {
				ALWAYS_SEARCH_USER_PATHS = NO;
				CLANG_ANALYZER_NONNULL = YES;
				CLANG_ANALYZER_NUMBER_OBJECT_CONVERSION = YES_AGGRESSIVE;
				CLANG_CXX_LANGUAGE_STANDARD = "gnu++14";
				CLANG_CXX_LIBRARY = "libc++";
				CLANG_ENABLE_MODULES = YES;
				CLANG_ENABLE_OBJC_ARC = YES;
				CLANG_WARN_BLOCK_CAPTURE_AUTORELEASING = YES;
				CLANG_WARN_BOOL_CONVERSION = YES;
				CLANG_WARN_COMMA = YES;
				CLANG_WARN_CONSTANT_CONVERSION = YES;
				CLANG_WARN_DIRECT_OBJC_ISA_USAGE = YES_ERROR;
				CLANG_WARN_DOCUMENTATION_COMMENTS = YES;
				CLANG_WARN_EMPTY_BODY = YES;
				CLANG_WARN_ENUM_CONVERSION = YES;
				CLANG_WARN_INFINITE_RECURSION = YES;
				CLANG_WARN_INT_CONVERSION = YES;
				CLANG_WARN_NON_LITERAL_NULL_CONVERSION = YES;
				CLANG_WARN_OBJC_LITERAL_CONVERSION = YES;
				CLANG_WARN_OBJC_ROOT_CLASS = YES_ERROR;
				CLANG_WARN_RANGE_LOOP_ANALYSIS = YES;
				CLANG_WARN_STRICT_PROTOTYPES = YES;
				CLANG_WARN_SUSPICIOUS_MOVE = YES;
				CLANG_WARN_UNGUARDED_AVAILABILITY = YES_AGGRESSIVE;
				CLANG_WARN_UNREACHABLE_CODE = YES;
				CLANG_WARN__DUPLICATE_METHOD_MATCH = YES;
				CODE_SIGN_IDENTITY = "iPhone Developer";
				COPY_PHASE_STRIP = NO;
				DEBUG_INFORMATION_FORMAT = "dwarf-with-dsym";
				ENABLE_NS_ASSERTIONS = NO;
				ENABLE_STRICT_OBJC_MSGSEND = YES;
				GCC_C_LANGUAGE_STANDARD = gnu11;
				GCC_NO_COMMON_BLOCKS = YES;
				GCC_WARN_64_TO_32_BIT_CONVERSION = YES;
				GCC_WARN_ABOUT_RETURN_TYPE = YES_ERROR;
				GCC_WARN_UNDECLARED_SELECTOR = YES;
				GCC_WARN_UNINITIALIZED_AUTOS = YES_AGGRESSIVE;
				GCC_WARN_UNUSED_FUNCTION = YES;
				GCC_WARN_UNUSED_VARIABLE = YES;
				IPHONEOS_DEPLOYMENT_TARGET = 11.2;
				MTL_ENABLE_DEBUG_INFO = NO;
				SDKROOT = iphoneos;
				SWIFT_OPTIMIZATION_LEVEL = "-Owholemodule";
				VALIDATE_PRODUCT = YES;
			};
			name = Release;
		};
		201FB1C720288C2B00EC9F36 /* Debug */ = {
			isa = XCBuildConfiguration;
			buildSettings = {
				ASSETCATALOG_COMPILER_APPICON_NAME = AppIcon;
				CODE_SIGN_STYLE = Automatic;
				DEVELOPMENT_TEAM = WT499VC842;
				FRAMEWORK_SEARCH_PATHS = (
					"$(inherited)",
					"$(PROJECT_DIR)/Carthage/Build/iOS",
				);
				INFOPLIST_FILE = MagicOfWords/Info.plist;
				LD_RUNPATH_SEARCH_PATHS = "$(inherited) @executable_path/Frameworks";
				PRODUCT_BUNDLE_IDENTIFIER = JOGAX.MagicOfWords;
				PRODUCT_NAME = "$(TARGET_NAME)";
				SWIFT_VERSION = 4.0;
				TARGETED_DEVICE_FAMILY = "1,2";
			};
			name = Debug;
		};
		201FB1C820288C2B00EC9F36 /* Release */ = {
			isa = XCBuildConfiguration;
			buildSettings = {
				ASSETCATALOG_COMPILER_APPICON_NAME = AppIcon;
				CODE_SIGN_STYLE = Automatic;
				DEVELOPMENT_TEAM = WT499VC842;
				FRAMEWORK_SEARCH_PATHS = (
					"$(inherited)",
					"$(PROJECT_DIR)/Carthage/Build/iOS",
				);
				INFOPLIST_FILE = MagicOfWords/Info.plist;
				LD_RUNPATH_SEARCH_PATHS = "$(inherited) @executable_path/Frameworks";
				PRODUCT_BUNDLE_IDENTIFIER = JOGAX.MagicOfWords;
				PRODUCT_NAME = "$(TARGET_NAME)";
				SWIFT_VERSION = 4.0;
				TARGETED_DEVICE_FAMILY = "1,2";
			};
			name = Release;
		};
/* End XCBuildConfiguration section */

/* Begin XCConfigurationList section */
		201FB1A920288C2B00EC9F36 /* Build configuration list for PBXProject "MagicOfWords" */ = {
			isa = XCConfigurationList;
			buildConfigurations = (
				201FB1C420288C2B00EC9F36 /* Debug */,
				201FB1C520288C2B00EC9F36 /* Release */,
			);
			defaultConfigurationIsVisible = 0;
			defaultConfigurationName = Release;
		};
		201FB1C620288C2B00EC9F36 /* Build configuration list for PBXNativeTarget "MagicOfWords" */ = {
			isa = XCConfigurationList;
			buildConfigurations = (
				201FB1C720288C2B00EC9F36 /* Debug */,
				201FB1C820288C2B00EC9F36 /* Release */,
			);
			defaultConfigurationIsVisible = 0;
			defaultConfigurationName = Release;
		};
/* End XCConfigurationList section */
	};
	rootObject = 201FB1A620288C2B00EC9F36 /* Project object */;
}
